{
  "version": 4,
  "terraform_version": "0.12.19",
  "serial": 106,
  "lineage": "4ae88b66-38b2-09d2-4fad-9e3a459cc132",
  "outputs": {
    "eks_cluster_arn": {
      "value": "arn:aws:eks:us-east-2:000654207548:cluster/eks",
      "type": "string"
    },
    "eks_cluster_endpoint": {
      "value": "https://ECD401F307718020F4D9FA21EA701840.gr7.us-east-2.eks.amazonaws.com",
      "type": "string"
    },
    "eks_cluster_id": {
      "value": "eks",
      "type": "string"
    },
    "eks_cluster_identity_oidc_issuer": {
      "value": "https://oidc.eks.us-east-2.amazonaws.com/id/ECD401F307718020F4D9FA21EA701840",
      "type": "string"
    },
    "eks_cluster_managed_security_group_id": {
      "value": "sg-03c6c8bc3faa450ea",
      "type": "string"
    },
    "eks_cluster_security_group_arn": {
      "value": "arn:aws:ec2:us-east-2:000654207548:security-group/sg-0b46c0eb59f95a275",
      "type": "string"
    },
    "eks_cluster_security_group_id": {
      "value": "sg-0b46c0eb59f95a275",
      "type": "string"
    },
    "eks_cluster_security_group_name": {
      "value": "eks",
      "type": "string"
    },
    "eks_cluster_version": {
      "value": "1.14",
      "type": "string"
    },
    "private_subnet_cidrs": {
      "value": [
        "172.16.0.0/19",
        "172.16.32.0/19"
      ],
      "type": [
        "tuple",
        [
          "string",
          "string"
        ]
      ]
    },
    "public_subnet_cidrs": {
      "value": [
        "172.16.96.0/19",
        "172.16.128.0/19"
      ],
      "type": [
        "tuple",
        [
          "string",
          "string"
        ]
      ]
    },
    "vpc_cidr": {
      "value": "172.16.0.0/16",
      "type": "string"
    },
    "workers_autoscaling_group_arn": {
      "value": "arn:aws:autoscaling:us-east-2:000654207548:autoScalingGroup:44b54e40-09af-494e-b1d7-97b56da96775:autoScalingGroupName/eg-test-eks-20200305061902922600000008",
      "type": "string"
    },
    "workers_autoscaling_group_default_cooldown": {
      "value": "300",
      "type": "string"
    },
    "workers_autoscaling_group_desired_capacity": {
      "value": "2",
      "type": "string"
    },
    "workers_autoscaling_group_health_check_grace_period": {
      "value": "300",
      "type": "string"
    },
    "workers_autoscaling_group_health_check_type": {
      "value": "EC2",
      "type": "string"
    },
    "workers_autoscaling_group_id": {
      "value": "eg-test-eks-20200305061902922600000008",
      "type": "string"
    },
    "workers_autoscaling_group_max_size": {
      "value": "3",
      "type": "string"
    },
    "workers_autoscaling_group_min_size": {
      "value": "2",
      "type": "string"
    },
    "workers_autoscaling_group_name": {
      "value": "eg-test-eks-20200305061902922600000008",
      "type": "string"
    },
    "workers_launch_template_arn": {
      "value": "arn:aws:ec2:us-east-2:000654207548:launch-template/lt-0aae9071f78565887",
      "type": "string"
    },
    "workers_launch_template_id": {
      "value": "lt-0aae9071f78565887",
      "type": "string"
    },
    "workers_role_arn": {
      "value": "arn:aws:iam::000654207548:role/eg-test-eks-workers",
      "type": "string"
    },
    "workers_role_name": {
      "value": "eg-test-eks-workers",
      "type": "string"
    },
    "workers_security_group_arn": {
      "value": "arn:aws:ec2:us-east-2:000654207548:security-group/sg-0ccbd98d8688d4905",
      "type": "string"
    },
    "workers_security_group_id": {
      "value": "sg-0ccbd98d8688d4905",
      "type": "string"
    },
    "workers_security_group_name": {
      "value": "eg-test-eks-workers",
      "type": "string"
    }
  },
  "resources": [
    {
      "module": "module.eks_workers",
      "mode": "data",
      "type": "aws_ami",
      "name": "eks_worker",
      "each": "list",
      "provider": "provider.aws",
      "instances": [
        {
          "index_key": 0,
          "schema_version": 0,
          "attributes": {
            "architecture": "x86_64",
            "block_device_mappings": [
              {
                "device_name": "/dev/xvda",
                "ebs": {
                  "delete_on_termination": "true",
                  "encrypted": "false",
                  "iops": "0",
                  "snapshot_id": "snap-0dd434e68359cd21f",
                  "volume_size": "20",
                  "volume_type": "gp2"
                },
                "no_device": "",
                "virtual_name": ""
              }
            ],
            "creation_date": "2020-02-29T19:57:08.000Z",
            "description": "EKS Kubernetes Worker AMI with AmazonLinux2 image, (k8s: 1.14.9, docker:18.09.9ce-2.amzn2)",
            "executable_users": null,
            "filter": [
              {
                "name": "name",
                "values": [
                  "amazon-eks-node-1.14*"
                ]
              }
            ],
            "hypervisor": "xen",
            "id": "ami-00ec371f33c240b7a",
            "image_id": "ami-00ec371f33c240b7a",
            "image_location": "amazon/amazon-eks-node-1.14-v20200228",
            "image_owner_alias": "amazon",
            "image_type": "machine",
            "kernel_id": null,
            "most_recent": true,
            "name": "amazon-eks-node-1.14-v20200228",
            "name_regex": "^amazon-eks-node-[1-9,\\.]+-v\\d{8}$",
            "owner_id": "602401143452",
            "owners": [
              "602401143452"
            ],
            "platform": null,
            "product_codes": [],
            "public": true,
            "ramdisk_id": null,
            "root_device_name": "/dev/xvda",
            "root_device_type": "ebs",
            "root_snapshot_id": "snap-0dd434e68359cd21f",
            "sriov_net_support": "simple",
            "state": "available",
            "state_reason": {
              "code": "UNSET",
              "message": "UNSET"
            },
            "tags": {},
            "virtualization_type": "hvm"
          }
        }
      ]
    },
    {
      "module": "module.subnets",
      "mode": "data",
      "type": "aws_ami",
      "name": "nat_instance",
      "each": "list",
      "provider": "provider.aws",
      "instances": []
    },
    {
      "module": "module.subnets",
      "mode": "data",
      "type": "aws_availability_zones",
      "name": "available",
      "provider": "provider.aws",
      "instances": [
        {
          "schema_version": 0,
          "attributes": {
            "blacklisted_names": null,
            "blacklisted_zone_ids": null,
            "id": "2020-03-05 06:47:10.366428 +0000 UTC",
            "names": [
              "us-east-2a",
              "us-east-2b",
              "us-east-2c"
            ],
            "state": null,
            "zone_ids": [
              "use2-az1",
              "use2-az2",
              "use2-az3"
            ]
          }
        }
      ]
    },
    {
      "module": "module.eks_workers",
      "mode": "data",
      "type": "aws_iam_instance_profile",
      "name": "default",
      "each": "list",
      "provider": "provider.aws",
      "instances": []
    },
    {
      "module": "module.eks_workers",
      "mode": "data",
      "type": "aws_iam_policy_document",
      "name": "assume_role",
      "each": "list",
      "provider": "provider.aws",
      "instances": [
        {
          "index_key": 0,
          "schema_version": 0,
          "attributes": {
            "id": "1903849331",
            "json": "{\n  \"Version\": \"2012-10-17\",\n  \"Statement\": [\n    {\n      \"Sid\": \"\",\n      \"Effect\": \"Allow\",\n      \"Action\": \"sts:AssumeRole\",\n      \"Principal\": {\n        \"Service\": \"ec2.amazonaws.com\"\n      }\n    }\n  ]\n}",
            "override_json": null,
            "policy_id": null,
            "source_json": null,
            "statement": [
              {
                "actions": [
                  "sts:AssumeRole"
                ],
                "condition": [],
                "effect": "Allow",
                "not_actions": [],
                "not_principals": [],
                "not_resources": [],
                "principals": [
                  {
                    "identifiers": [
                      "ec2.amazonaws.com"
                    ],
                    "type": "Service"
                  }
                ],
                "resources": [],
                "sid": ""
              }
            ],
            "version": "2012-10-17"
          }
        }
      ]
    },
    {
      "module": "module.eks_cluster",
      "mode": "data",
      "type": "aws_iam_policy_document",
      "name": "assume_role",
      "each": "list",
      "provider": "provider.aws",
      "instances": [
        {
          "index_key": 0,
          "schema_version": 0,
          "attributes": {
            "id": "189502314",
            "json": "{\n  \"Version\": \"2012-10-17\",\n  \"Statement\": [\n    {\n      \"Sid\": \"\",\n      \"Effect\": \"Allow\",\n      \"Action\": \"sts:AssumeRole\",\n      \"Principal\": {\n        \"Service\": \"eks.amazonaws.com\"\n      }\n    }\n  ]\n}",
            "override_json": null,
            "policy_id": null,
            "source_json": null,
            "statement": [
              {
                "actions": [
                  "sts:AssumeRole"
                ],
                "condition": [],
                "effect": "Allow",
                "not_actions": [],
                "not_principals": [],
                "not_resources": [],
                "principals": [
                  {
                    "identifiers": [
                      "eks.amazonaws.com"
                    ],
                    "type": "Service"
                  }
                ],
                "resources": [],
                "sid": ""
              }
            ],
            "version": "2012-10-17"
          }
        }
      ]
    },
    {
      "module": "module.subnets",
      "mode": "data",
      "type": "aws_vpc",
      "name": "default",
      "provider": "provider.aws",
      "instances": [
        {
          "schema_version": 0,
          "attributes": {
            "arn": "arn:aws:ec2:us-east-2:000654207548:vpc/vpc-09be493c0be90c77f",
            "cidr_block": "172.16.0.0/16",
            "cidr_block_associations": [
              {
                "association_id": "vpc-cidr-assoc-01e12345aa97a71d7",
                "cidr_block": "172.16.0.0/16",
                "state": "associated"
              }
            ],
            "default": false,
            "dhcp_options_id": "dopt-c12ffba8",
            "enable_dns_hostnames": true,
            "enable_dns_support": true,
            "filter": null,
            "id": "vpc-09be493c0be90c77f",
            "instance_tenancy": "default",
            "ipv6_association_id": "vpc-cidr-assoc-001e5a292eec598a8",
            "ipv6_cidr_block": "2600:1f16:a34:3100::/56",
            "main_route_table_id": "rtb-0ca46aec90941fd9c",
            "owner_id": "000654207548",
            "state": "available",
            "tags": {
              "Attributes": "cluster",
              "Name": "eg-test-eks-cluster",
              "Namespace": "eg",
              "Stage": "test",
              "kubernetes.io/cluster/eg-test-eks-cluster": "shared"
            }
          }
        }
      ]
    },
    {
      "module": "module.eks_cluster",
      "mode": "data",
      "type": "template_file",
      "name": "configmap_auth",
      "each": "list",
      "provider": "provider.template",
      "instances": [
        {
          "index_key": 0,
          "schema_version": 0,
          "attributes": {
            "filename": null,
            "id": "e16cf08bd01f8db235045786f718d3968d3a4ecb2b0addce335640baaea250c8",
            "rendered": "apiVersion: v1\nkind: ConfigMap\nmetadata:\n  name: aws-auth\n  namespace: kube-system\ndata:\n  mapRoles: |\n    - \"groups\":\n      - \"system:bootstrappers\"\n      - \"system:nodes\"\n      \"rolearn\": \"arn:aws:iam::000654207548:role/eg-test-eks-workers\"\n      \"username\": \"system:node:{{EC2PrivateDNSName}}\"\n\n\n",
            "template": "apiVersion: v1\nkind: ConfigMap\nmetadata:\n  name: aws-auth\n  namespace: kube-system\ndata:\n  mapRoles: |\n    ${indent(4, map_worker_roles_yaml)}\n%{if map_additional_iam_roles_yaml != \"[]\" }\n    ${indent(4, map_additional_iam_roles_yaml)}\n%{ endif }\n%{if map_additional_iam_users_yaml != \"[]\" }\n  mapUsers: |\n    ${indent(4, map_additional_iam_users_yaml)}\n%{ endif }\n%{if map_additional_aws_accounts_yaml != \"[]\" }\n  mapAccounts: |\n    ${indent(4, map_additional_aws_accounts_yaml)}\n%{ endif }",
            "vars": {
              "map_additional_aws_accounts_yaml": "[]",
              "map_additional_iam_roles_yaml": "[]",
              "map_additional_iam_users_yaml": "[]",
              "map_worker_roles_yaml": "- \"groups\":\n  - \"system:bootstrappers\"\n  - \"system:nodes\"\n  \"rolearn\": \"arn:aws:iam::000654207548:role/eg-test-eks-workers\"\n  \"username\": \"system:node:{{EC2PrivateDNSName}}\""
            }
          }
        }
      ]
    },
    {
      "module": "module.eks_workers",
      "mode": "data",
      "type": "template_file",
      "name": "userdata",
      "each": "list",
      "provider": "provider.template",
      "instances": [
        {
          "index_key": 0,
          "schema_version": 0,
          "attributes": {
            "filename": null,
            "id": "6047b0669c5a2b8976381aefbb532f726fb479920f0ce05e27728d1edab9e7ee",
            "rendered": "#!/bin/bash\n\n# userdata for EKS worker nodes to properly configure Kubernetes applications on EC2 instances\n# https://docs.aws.amazon.com/eks/latest/userguide/launch-workers.html\n# https://aws.amazon.com/blogs/opensource/improvements-eks-worker-node-provisioning/\n# https://github.com/awslabs/amazon-eks-ami/blob/master/files/bootstrap.sh#L97\n\n\n\nexport KUBELET_EXTRA_ARGS=\n\n/etc/eks/bootstrap.sh --apiserver-endpoint 'https://ECD401F307718020F4D9FA21EA701840.gr7.us-east-2.eks.amazonaws.com' --b64-cluster-ca 'LS0tLS1CRUdJTiBDRVJUSUZJQ0FURS0tLS0tCk1JSUN5RENDQWJDZ0F3SUJBZ0lCQURBTkJna3Foa2lHOXcwQkFRc0ZBREFWTVJNd0VRWURWUVFERXdwcmRXSmwKY201bGRHVnpNQjRYRFRJd01ETXdOVEEyTVRVeU9Wb1hEVE13TURNd016QTJNVFV5T1Zvd0ZURVRNQkVHQTFVRQpBeE1LYTNWaVpYSnVaWFJsY3pDQ0FTSXdEUVlKS29aSWh2Y05BUUVCQlFBRGdnRVBBRENDQVFvQ2dnRUJBTm5xCnhKN0I3REdicUpia056V0EzRHd3VFVYWVVDMnowai9oVnF3dE9UVVdHTzkwWHdHazlBUU5sakhJR01uc2lpT1kKN3NPMmVQMnM4MzFsYzBZek5qbUxJdSs2YmxUMHhydlZWdng0aUFYUnNSWlU3cHR6RFVSeW92cGdNL2xYSU4xSwpxVnhaNnphZTZ2OW1BQWdzT3VWeVcyaGxOVFpRN0lPL3NUbEMyTHBWSHA4YmRxdzdTb3JjcXAxdmwyS2R2L0M5CmgzLzBDajVYeHgyMHBqRUdWdjZzRGl0bnU3RFFxNGFWZFNtVW11c2NXMC9xeStudXplOEE5cUFQWktJdTFyWkwKNXhwM29EUmlBVXhlWE9uaEMxRXdwRzhia01DaWRaVk1taGdHVUNPZVRQb3U3WUdsdTRGNC9xdGtaOHdZYjVwZApKWU9WY1p1eFNHZkRMaU9TV0xjQ0F3RUFBYU1qTUNFd0RnWURWUjBQQVFIL0JBUURBZ0trTUE4R0ExVWRFd0VCCi93UUZNQU1CQWY4d0RRWUpLb1pJaHZjTkFRRUxCUUFEZ2dFQkFEQWRkRVpnMm1CUVlCY3dBam5hZjd5VytuaUIKc3hkb2pha01NbVZFV1V5T01nWGNMRllWVk1EM3lHQ0lJU1RCeDZmMEJLdnplMFp6MW40LzlwelpVYitHU3UvOQp6SVZTWHpHUG1lUTc1RkU1LzhBTElQd0lwQ053TjlpR1dTYkNidGlVdmJYWktQbnAyditNcVdDcXcva3VYWCs1Cm5VNkdydVFDQVMxN0l4eUJ0NGQwWHhNeXlCekdSdEFJMTRmeFAzK3FEdFRQODRrcm1DNCtWQ2VDU2NlRnZTeFEKQUFUcDBBeXpxbk9zREJLZExuQUNkRnJkVVJMT0Vrc1JlUzRiK3JxYk04Q3VBL3pkY1dIVzhNOEtSclVmdnRxMQpwV0t6dGsxN3dNOGJrRnE5WjV1cGNUNDB3TzVRbFpCR0tlNW44MzZtOGpIb2lHckZiMGNiVXFIcWxmUT0KLS0tLS1FTkQgQ0VSVElGSUNBVEUtLS0tLQo=' 'eg-test-eks-cluster'\n\n",
            "template": "#!/bin/bash\n\n# userdata for EKS worker nodes to properly configure Kubernetes applications on EC2 instances\n# https://docs.aws.amazon.com/eks/latest/userguide/launch-workers.html\n# https://aws.amazon.com/blogs/opensource/improvements-eks-worker-node-provisioning/\n# https://github.com/awslabs/amazon-eks-ami/blob/master/files/bootstrap.sh#L97\n\n${before_cluster_joining_userdata}\n\nexport KUBELET_EXTRA_ARGS=${bootstrap_extra_args}\n\n/etc/eks/bootstrap.sh --apiserver-endpoint '${cluster_endpoint}' --b64-cluster-ca '${certificate_authority_data}' '${cluster_name}'\n\n${after_cluster_joining_userdata}",
            "vars": {
              "after_cluster_joining_userdata": "",
              "before_cluster_joining_userdata": "",
              "bootstrap_extra_args": "",
              "certificate_authority_data": "LS0tLS1CRUdJTiBDRVJUSUZJQ0FURS0tLS0tCk1JSUN5RENDQWJDZ0F3SUJBZ0lCQURBTkJna3Foa2lHOXcwQkFRc0ZBREFWTVJNd0VRWURWUVFERXdwcmRXSmwKY201bGRHVnpNQjRYRFRJd01ETXdOVEEyTVRVeU9Wb1hEVE13TURNd016QTJNVFV5T1Zvd0ZURVRNQkVHQTFVRQpBeE1LYTNWaVpYSnVaWFJsY3pDQ0FTSXdEUVlKS29aSWh2Y05BUUVCQlFBRGdnRVBBRENDQVFvQ2dnRUJBTm5xCnhKN0I3REdicUpia056V0EzRHd3VFVYWVVDMnowai9oVnF3dE9UVVdHTzkwWHdHazlBUU5sakhJR01uc2lpT1kKN3NPMmVQMnM4MzFsYzBZek5qbUxJdSs2YmxUMHhydlZWdng0aUFYUnNSWlU3cHR6RFVSeW92cGdNL2xYSU4xSwpxVnhaNnphZTZ2OW1BQWdzT3VWeVcyaGxOVFpRN0lPL3NUbEMyTHBWSHA4YmRxdzdTb3JjcXAxdmwyS2R2L0M5CmgzLzBDajVYeHgyMHBqRUdWdjZzRGl0bnU3RFFxNGFWZFNtVW11c2NXMC9xeStudXplOEE5cUFQWktJdTFyWkwKNXhwM29EUmlBVXhlWE9uaEMxRXdwRzhia01DaWRaVk1taGdHVUNPZVRQb3U3WUdsdTRGNC9xdGtaOHdZYjVwZApKWU9WY1p1eFNHZkRMaU9TV0xjQ0F3RUFBYU1qTUNFd0RnWURWUjBQQVFIL0JBUURBZ0trTUE4R0ExVWRFd0VCCi93UUZNQU1CQWY4d0RRWUpLb1pJaHZjTkFRRUxCUUFEZ2dFQkFEQWRkRVpnMm1CUVlCY3dBam5hZjd5VytuaUIKc3hkb2pha01NbVZFV1V5T01nWGNMRllWVk1EM3lHQ0lJU1RCeDZmMEJLdnplMFp6MW40LzlwelpVYitHU3UvOQp6SVZTWHpHUG1lUTc1RkU1LzhBTElQd0lwQ053TjlpR1dTYkNidGlVdmJYWktQbnAyditNcVdDcXcva3VYWCs1Cm5VNkdydVFDQVMxN0l4eUJ0NGQwWHhNeXlCekdSdEFJMTRmeFAzK3FEdFRQODRrcm1DNCtWQ2VDU2NlRnZTeFEKQUFUcDBBeXpxbk9zREJLZExuQUNkRnJkVVJMT0Vrc1JlUzRiK3JxYk04Q3VBL3pkY1dIVzhNOEtSclVmdnRxMQpwV0t6dGsxN3dNOGJrRnE5WjV1cGNUNDB3TzVRbFpCR0tlNW44MzZtOGpIb2lHckZiMGNiVXFIcWxmUT0KLS0tLS1FTkQgQ0VSVElGSUNBVEUtLS0tLQo=",
              "cluster_endpoint": "https://ECD401F307718020F4D9FA21EA701840.gr7.us-east-2.eks.amazonaws.com",
              "cluster_name": "eg-test-eks-cluster"
            }
          }
        }
      ]
    },
    {
      "module": "module.eks_workers.module.autoscale_group",
      "mode": "managed",
      "type": "aws_autoscaling_group",
      "name": "default",
      "each": "list",
      "provider": "provider.aws",
      "instances": [
        {
          "index_key": 0,
          "schema_version": 0,
          "attributes": {
            "arn": "arn:aws:autoscaling:us-east-2:000654207548:autoScalingGroup:44b54e40-09af-494e-b1d7-97b56da96775:autoScalingGroupName/eg-test-eks-20200305061902922600000008",
            "availability_zones": [
              "us-east-2a",
              "us-east-2b"
            ],
            "default_cooldown": 300,
            "desired_capacity": 2,
            "enabled_metrics": [
              "GroupDesiredCapacity",
              "GroupInServiceInstances",
              "GroupMaxSize",
              "GroupMinSize",
              "GroupPendingInstances",
              "GroupStandbyInstances",
              "GroupTerminatingInstances",
              "GroupTotalInstances"
            ],
            "force_delete": false,
            "health_check_grace_period": 300,
            "health_check_type": "EC2",
            "id": "eg-test-eks-20200305061902922600000008",
            "initial_lifecycle_hook": [],
            "launch_configuration": "",
            "launch_template": [
              {
                "id": "lt-0aae9071f78565887",
                "name": "eg-test-eks-20200305061901858800000006",
                "version": "$Latest"
              }
            ],
            "load_balancers": [],
            "max_instance_lifetime": 0,
            "max_size": 3,
            "metrics_granularity": "1Minute",
            "min_elb_capacity": 0,
            "min_size": 2,
            "mixed_instances_policy": [],
            "name": "eg-test-eks-20200305061902922600000008",
            "name_prefix": "eg-test-eks-",
            "placement_group": "",
            "protect_from_scale_in": false,
            "service_linked_role_arn": "arn:aws:iam::000654207548:role/aws-service-role/autoscaling.amazonaws.com/AWSServiceRoleForAutoScaling",
            "suspended_processes": [],
            "tag": [],
            "tags": [
              {
                "key": "Attributes",
                "propagate_at_launch": "true",
                "value": "workers"
              },
              {
                "key": "Name",
                "propagate_at_launch": "true",
                "value": "eg-test-eks-workers"
              },
              {
                "key": "Namespace",
                "propagate_at_launch": "true",
                "value": "eg"
              },
              {
                "key": "Stage",
                "propagate_at_launch": "true",
                "value": "test"
              },
              {
                "key": "kubernetes.io/cluster/eg-test-eks-cluster",
                "propagate_at_launch": "true",
                "value": "owned"
              }
            ],
            "target_group_arns": [],
            "termination_policies": [
              "Default"
            ],
            "timeouts": null,
            "vpc_zone_identifier": [
              "subnet-032af6abbd757a8a6",
              "subnet-0b134fad07f86a960"
            ],
            "wait_for_capacity_timeout": "10m",
            "wait_for_elb_capacity": 0
          },
          "private": "eyJlMmJmYjczMC1lY2FhLTExZTYtOGY4OC0zNDM2M2JjN2M0YzAiOnsiZGVsZXRlIjo2MDAwMDAwMDAwMDB9fQ==",
          "dependencies": [
            "module.eks_cluster.aws_cloudwatch_log_group.default",
            "module.eks_cluster.aws_eks_cluster.default",
            "module.eks_cluster.aws_iam_role.default",
            "module.eks_cluster.aws_iam_role_policy_attachment.amazon_eks_cluster_policy",
            "module.eks_cluster.aws_iam_role_policy_attachment.amazon_eks_service_policy",
            "module.eks_cluster.aws_security_group.default",
            "module.eks_workers.aws_iam_instance_profile.default",
            "module.eks_workers.aws_iam_role.default",
            "module.eks_workers.aws_security_group.default",
            "module.eks_workers.module.autoscale_group.aws_launch_template.default",
            "module.subnets.aws_subnet.public",
            "module.vpc.aws_vpc.default"
          ]
        }
      ]
    },
    {
      "module": "module.eks_workers.module.autoscale_group",
      "mode": "managed",
      "type": "aws_autoscaling_policy",
      "name": "scale_down",
      "each": "list",
      "provider": "provider.aws",
      "instances": [
        {
          "index_key": 0,
          "schema_version": 0,
          "attributes": {
            "adjustment_type": "ChangeInCapacity",
            "arn": "arn:aws:autoscaling:us-east-2:000654207548:scalingPolicy:1acbfb70-e32b-4f87-ad7e-93705212a549:autoScalingGroupName/eg-test-eks-20200305061902922600000008:policyName/eg-test-eks-scale-down",
            "autoscaling_group_name": "eg-test-eks-20200305061902922600000008",
            "cooldown": 300,
            "estimated_instance_warmup": 0,
            "id": "eg-test-eks-scale-down",
            "metric_aggregation_type": "",
            "min_adjustment_magnitude": null,
            "min_adjustment_step": null,
            "name": "eg-test-eks-scale-down",
            "policy_type": "SimpleScaling",
            "scaling_adjustment": -1,
            "step_adjustment": [],
            "target_tracking_configuration": []
          },
          "private": "bnVsbA==",
          "dependencies": [
            "module.eks_cluster.aws_cloudwatch_log_group.default",
            "module.eks_cluster.aws_eks_cluster.default",
            "module.eks_cluster.aws_iam_role.default",
            "module.eks_cluster.aws_iam_role_policy_attachment.amazon_eks_cluster_policy",
            "module.eks_cluster.aws_iam_role_policy_attachment.amazon_eks_service_policy",
            "module.eks_cluster.aws_security_group.default",
            "module.eks_workers.aws_iam_instance_profile.default",
            "module.eks_workers.aws_iam_role.default",
            "module.eks_workers.aws_security_group.default",
            "module.eks_workers.module.autoscale_group.aws_autoscaling_group.default",
            "module.eks_workers.module.autoscale_group.aws_launch_template.default",
            "module.subnets.aws_subnet.public",
            "module.vpc.aws_vpc.default"
          ]
        }
      ]
    },
    {
      "module": "module.eks_workers.module.autoscale_group",
      "mode": "managed",
      "type": "aws_autoscaling_policy",
      "name": "scale_up",
      "each": "list",
      "provider": "provider.aws",
      "instances": [
        {
          "index_key": 0,
          "schema_version": 0,
          "attributes": {
            "adjustment_type": "ChangeInCapacity",
            "arn": "arn:aws:autoscaling:us-east-2:000654207548:scalingPolicy:b9337dba-e009-4ef6-bdb9-76a34b0492ac:autoScalingGroupName/eg-test-eks-20200305061902922600000008:policyName/eg-test-eks-scale-up",
            "autoscaling_group_name": "eg-test-eks-20200305061902922600000008",
            "cooldown": 300,
            "estimated_instance_warmup": 0,
            "id": "eg-test-eks-scale-up",
            "metric_aggregation_type": "",
            "min_adjustment_magnitude": null,
            "min_adjustment_step": null,
            "name": "eg-test-eks-scale-up",
            "policy_type": "SimpleScaling",
            "scaling_adjustment": 1,
            "step_adjustment": [],
            "target_tracking_configuration": []
          },
          "private": "bnVsbA==",
          "dependencies": [
            "module.eks_cluster.aws_cloudwatch_log_group.default",
            "module.eks_cluster.aws_eks_cluster.default",
            "module.eks_cluster.aws_iam_role.default",
            "module.eks_cluster.aws_iam_role_policy_attachment.amazon_eks_cluster_policy",
            "module.eks_cluster.aws_iam_role_policy_attachment.amazon_eks_service_policy",
            "module.eks_cluster.aws_security_group.default",
            "module.eks_workers.aws_iam_instance_profile.default",
            "module.eks_workers.aws_iam_role.default",
            "module.eks_workers.aws_security_group.default",
            "module.eks_workers.module.autoscale_group.aws_autoscaling_group.default",
            "module.eks_workers.module.autoscale_group.aws_launch_template.default",
            "module.subnets.aws_subnet.public",
            "module.vpc.aws_vpc.default"
          ]
        }
      ]
    },
    {
      "module": "module.eks_cluster",
      "mode": "managed",
      "type": "aws_cloudwatch_log_group",
      "name": "default",
      "each": "list",
      "provider": "provider.aws",
      "instances": [
        {
          "index_key": 0,
          "schema_version": 0,
          "attributes": {
            "arn": "arn:aws:logs:us-east-2:000654207548:log-group:/aws/eks/eks/cluster:*",
            "id": "/aws/eks/eks/cluster",
            "kms_key_id": "",
            "name": "/aws/eks/eks/cluster",
            "name_prefix": null,
            "retention_in_days": 7,
            "tags": {}
          },
          "private": "bnVsbA=="
        }
      ]
    },
    {
      "module": "module.eks_workers.module.autoscale_group",
      "mode": "managed",
      "type": "aws_cloudwatch_metric_alarm",
      "name": "cpu_high",
      "each": "list",
      "provider": "provider.aws",
      "instances": [
        {
          "index_key": 0,
          "schema_version": 1,
          "attributes": {
            "actions_enabled": true,
            "alarm_actions": [
              "arn:aws:autoscaling:us-east-2:000654207548:scalingPolicy:b9337dba-e009-4ef6-bdb9-76a34b0492ac:autoScalingGroupName/eg-test-eks-20200305061902922600000008:policyName/eg-test-eks-scale-up"
            ],
            "alarm_description": "Scale up if CPU utilization is above 80 for 300 seconds",
            "alarm_name": "eg-test-eks-cpu-utilization-high",
            "arn": "arn:aws:cloudwatch:us-east-2:000654207548:alarm:eg-test-eks-cpu-utilization-high",
            "comparison_operator": "GreaterThanOrEqualToThreshold",
            "datapoints_to_alarm": 0,
            "dimensions": {
              "AutoScalingGroupName": "eg-test-eks-20200305061902922600000008"
            },
            "evaluate_low_sample_count_percentiles": "",
            "evaluation_periods": 2,
            "extended_statistic": "",
            "id": "eg-test-eks-cpu-utilization-high",
            "insufficient_data_actions": [],
            "metric_name": "CPUUtilization",
            "metric_query": [],
            "namespace": "AWS/EC2",
            "ok_actions": [],
            "period": 300,
            "statistic": "Average",
            "tags": {},
            "threshold": 80,
            "threshold_metric_id": "",
            "treat_missing_data": "missing",
            "unit": ""
          },
          "private": "eyJzY2hlbWFfdmVyc2lvbiI6IjEifQ==",
          "dependencies": [
            "module.eks_cluster.aws_cloudwatch_log_group.default",
            "module.eks_cluster.aws_eks_cluster.default",
            "module.eks_cluster.aws_iam_role.default",
            "module.eks_cluster.aws_iam_role_policy_attachment.amazon_eks_cluster_policy",
            "module.eks_cluster.aws_iam_role_policy_attachment.amazon_eks_service_policy",
            "module.eks_cluster.aws_security_group.default",
            "module.eks_workers.aws_iam_instance_profile.default",
            "module.eks_workers.aws_iam_role.default",
            "module.eks_workers.aws_security_group.default",
            "module.eks_workers.module.autoscale_group.aws_autoscaling_group.default",
            "module.eks_workers.module.autoscale_group.aws_autoscaling_policy.scale_up",
            "module.eks_workers.module.autoscale_group.aws_launch_template.default",
            "module.subnets.aws_subnet.public",
            "module.vpc.aws_vpc.default"
          ]
        }
      ]
    },
    {
      "module": "module.eks_workers.module.autoscale_group",
      "mode": "managed",
      "type": "aws_cloudwatch_metric_alarm",
      "name": "cpu_low",
      "each": "list",
      "provider": "provider.aws",
      "instances": [
        {
          "index_key": 0,
          "schema_version": 1,
          "attributes": {
            "actions_enabled": true,
            "alarm_actions": [
              "arn:aws:autoscaling:us-east-2:000654207548:scalingPolicy:1acbfb70-e32b-4f87-ad7e-93705212a549:autoScalingGroupName/eg-test-eks-20200305061902922600000008:policyName/eg-test-eks-scale-down"
            ],
            "alarm_description": "Scale down if the CPU utilization is below 20 for 300 seconds",
            "alarm_name": "eg-test-eks-cpu-utilization-low",
            "arn": "arn:aws:cloudwatch:us-east-2:000654207548:alarm:eg-test-eks-cpu-utilization-low",
            "comparison_operator": "LessThanOrEqualToThreshold",
            "datapoints_to_alarm": 0,
            "dimensions": {
              "AutoScalingGroupName": "eg-test-eks-20200305061902922600000008"
            },
            "evaluate_low_sample_count_percentiles": "",
            "evaluation_periods": 2,
            "extended_statistic": "",
            "id": "eg-test-eks-cpu-utilization-low",
            "insufficient_data_actions": [],
            "metric_name": "CPUUtilization",
            "metric_query": [],
            "namespace": "AWS/EC2",
            "ok_actions": [],
            "period": 300,
            "statistic": "Average",
            "tags": {},
            "threshold": 20,
            "threshold_metric_id": "",
            "treat_missing_data": "missing",
            "unit": ""
          },
          "private": "eyJzY2hlbWFfdmVyc2lvbiI6IjEifQ==",
          "dependencies": [
            "module.eks_cluster.aws_cloudwatch_log_group.default",
            "module.eks_cluster.aws_eks_cluster.default",
            "module.eks_cluster.aws_iam_role.default",
            "module.eks_cluster.aws_iam_role_policy_attachment.amazon_eks_cluster_policy",
            "module.eks_cluster.aws_iam_role_policy_attachment.amazon_eks_service_policy",
            "module.eks_cluster.aws_security_group.default",
            "module.eks_workers.aws_iam_instance_profile.default",
            "module.eks_workers.aws_iam_role.default",
            "module.eks_workers.aws_security_group.default",
            "module.eks_workers.module.autoscale_group.aws_autoscaling_group.default",
            "module.eks_workers.module.autoscale_group.aws_autoscaling_policy.scale_down",
            "module.eks_workers.module.autoscale_group.aws_launch_template.default",
            "module.subnets.aws_subnet.public",
            "module.vpc.aws_vpc.default"
          ]
        }
      ]
    },
    {
      "module": "module.vpc",
      "mode": "managed",
      "type": "aws_default_security_group",
      "name": "default",
      "each": "list",
      "provider": "provider.aws",
      "instances": [
        {
          "index_key": 0,
          "schema_version": 1,
          "attributes": {
            "arn": "arn:aws:ec2:us-east-2:000654207548:security-group/sg-0f2197e0107122802",
            "description": "default VPC security group",
            "egress": [],
            "id": "sg-0f2197e0107122802",
            "ingress": [],
            "name": "default",
            "owner_id": "000654207548",
            "revoke_rules_on_delete": false,
            "tags": {
              "Name": "Default Security Group"
            },
            "timeouts": null,
            "vpc_id": "vpc-09be493c0be90c77f"
          },
          "private": "eyJlMmJmYjczMC1lY2FhLTExZTYtOGY4OC0zNDM2M2JjN2M0YzAiOnsiY3JlYXRlIjo2MDAwMDAwMDAwMDAsImRlbGV0ZSI6NjAwMDAwMDAwMDAwfSwic2NoZW1hX3ZlcnNpb24iOiIxIn0=",
          "dependencies": [
            "module.vpc.aws_vpc.default"
          ]
        }
      ]
    },
    {
      "module": "module.subnets",
      "mode": "managed",
      "type": "aws_eip",
      "name": "default",
      "each": "list",
      "provider": "provider.aws",
      "instances": []
    },
    {
      "module": "module.subnets",
      "mode": "managed",
      "type": "aws_eip",
      "name": "nat_instance",
      "each": "list",
      "provider": "provider.aws",
      "instances": []
    },
    {
      "module": "module.subnets",
      "mode": "managed",
      "type": "aws_eip_association",
      "name": "nat_instance",
      "each": "list",
      "provider": "provider.aws",
      "instances": []
    },
    {
      "module": "module.eks_cluster",
      "mode": "managed",
      "type": "aws_eks_cluster",
      "name": "default",
      "each": "list",
      "provider": "provider.aws",
      "instances": [
        {
          "index_key": 0,
          "schema_version": 0,
          "attributes": {
            "arn": "arn:aws:eks:us-east-2:000654207548:cluster/eks",
            "certificate_authority": [
              {
                "data": "LS0tLS1CRUdJTiBDRVJUSUZJQ0FURS0tLS0tCk1JSUN5RENDQWJDZ0F3SUJBZ0lCQURBTkJna3Foa2lHOXcwQkFRc0ZBREFWTVJNd0VRWURWUVFERXdwcmRXSmwKY201bGRHVnpNQjRYRFRJd01ETXdOVEEyTVRVeU9Wb1hEVE13TURNd016QTJNVFV5T1Zvd0ZURVRNQkVHQTFVRQpBeE1LYTNWaVpYSnVaWFJsY3pDQ0FTSXdEUVlKS29aSWh2Y05BUUVCQlFBRGdnRVBBRENDQVFvQ2dnRUJBTm5xCnhKN0I3REdicUpia056V0EzRHd3VFVYWVVDMnowai9oVnF3dE9UVVdHTzkwWHdHazlBUU5sakhJR01uc2lpT1kKN3NPMmVQMnM4MzFsYzBZek5qbUxJdSs2YmxUMHhydlZWdng0aUFYUnNSWlU3cHR6RFVSeW92cGdNL2xYSU4xSwpxVnhaNnphZTZ2OW1BQWdzT3VWeVcyaGxOVFpRN0lPL3NUbEMyTHBWSHA4YmRxdzdTb3JjcXAxdmwyS2R2L0M5CmgzLzBDajVYeHgyMHBqRUdWdjZzRGl0bnU3RFFxNGFWZFNtVW11c2NXMC9xeStudXplOEE5cUFQWktJdTFyWkwKNXhwM29EUmlBVXhlWE9uaEMxRXdwRzhia01DaWRaVk1taGdHVUNPZVRQb3U3WUdsdTRGNC9xdGtaOHdZYjVwZApKWU9WY1p1eFNHZkRMaU9TV0xjQ0F3RUFBYU1qTUNFd0RnWURWUjBQQVFIL0JBUURBZ0trTUE4R0ExVWRFd0VCCi93UUZNQU1CQWY4d0RRWUpLb1pJaHZjTkFRRUxCUUFEZ2dFQkFEQWRkRVpnMm1CUVlCY3dBam5hZjd5VytuaUIKc3hkb2pha01NbVZFV1V5T01nWGNMRllWVk1EM3lHQ0lJU1RCeDZmMEJLdnplMFp6MW40LzlwelpVYitHU3UvOQp6SVZTWHpHUG1lUTc1RkU1LzhBTElQd0lwQ053TjlpR1dTYkNidGlVdmJYWktQbnAyditNcVdDcXcva3VYWCs1Cm5VNkdydVFDQVMxN0l4eUJ0NGQwWHhNeXlCekdSdEFJMTRmeFAzK3FEdFRQODRrcm1DNCtWQ2VDU2NlRnZTeFEKQUFUcDBBeXpxbk9zREJLZExuQUNkRnJkVVJMT0Vrc1JlUzRiK3JxYk04Q3VBL3pkY1dIVzhNOEtSclVmdnRxMQpwV0t6dGsxN3dNOGJrRnE5WjV1cGNUNDB3TzVRbFpCR0tlNW44MzZtOGpIb2lHckZiMGNiVXFIcWxmUT0KLS0tLS1FTkQgQ0VSVElGSUNBVEUtLS0tLQo="
              }
            ],
            "created_at": "2020-03-05 06:08:24 +0000 UTC",
            "enabled_cluster_log_types": [
              "audit"
            ],
            "endpoint": "https://ECD401F307718020F4D9FA21EA701840.gr7.us-east-2.eks.amazonaws.com",
            "id": "eks",
            "identity": [
              {
                "oidc": [
                  {
                    "issuer": "https://oidc.eks.us-east-2.amazonaws.com/id/ECD401F307718020F4D9FA21EA701840"
                  }
                ]
              }
            ],
            "name": "eks",
            "platform_version": "eks.9",
            "role_arn": "arn:aws:iam::000654207548:role/AWSIAM-eks",
            "status": "ACTIVE",
            "tags": {},
            "timeouts": null,
            "version": "1.14",
            "vpc_config": [
              {
                "cluster_security_group_id": "sg-03c6c8bc3faa450ea",
                "endpoint_private_access": false,
                "endpoint_public_access": true,
                "public_access_cidrs": [
                  "0.0.0.0/0"
                ],
                "security_group_ids": [
                  "sg-0b46c0eb59f95a275"
                ],
                "subnet_ids": [
                  "subnet-032af6abbd757a8a6",
                  "subnet-0b134fad07f86a960"
                ],
                "vpc_id": "vpc-09be493c0be90c77f"
              }
            ]
          },
          "private": "eyJlMmJmYjczMC1lY2FhLTExZTYtOGY4OC0zNDM2M2JjN2M0YzAiOnsiY3JlYXRlIjoxODAwMDAwMDAwMDAwLCJkZWxldGUiOjkwMDAwMDAwMDAwMCwidXBkYXRlIjozNjAwMDAwMDAwMDAwfX0=",
          "dependencies": [
            "module.eks_cluster.aws_cloudwatch_log_group.default",
            "module.eks_cluster.aws_iam_role.default",
            "module.eks_cluster.aws_iam_role_policy_attachment.amazon_eks_cluster_policy",
            "module.eks_cluster.aws_iam_role_policy_attachment.amazon_eks_service_policy",
            "module.eks_cluster.aws_security_group.default",
            "module.subnets.aws_subnet.public",
            "module.vpc.aws_vpc.default"
          ]
        }
      ]
    },
    {
      "module": "module.eks_workers",
      "mode": "managed",
      "type": "aws_iam_instance_profile",
      "name": "default",
      "each": "list",
      "provider": "provider.aws",
      "instances": [
        {
          "index_key": 0,
          "schema_version": 0,
          "attributes": {
            "arn": "arn:aws:iam::000654207548:instance-profile/eg-test-eks-workers",
            "create_date": "2020-03-05T06:08:05Z",
            "id": "eg-test-eks-workers",
            "name": "eg-test-eks-workers",
            "name_prefix": null,
            "path": "/",
            "role": "eg-test-eks-workers",
            "roles": [
              "eg-test-eks-workers"
            ],
            "unique_id": "AIPAQAJX6NI6FLT2SUVRV"
          },
          "private": "bnVsbA==",
          "dependencies": [
            "module.eks_workers.aws_iam_role.default"
          ]
        }
      ]
    },
    {
      "module": "module.eks_cluster",
      "mode": "managed",
      "type": "aws_iam_openid_connect_provider",
      "name": "default",
      "each": "list",
      "provider": "provider.aws",
      "instances": [
        {
          "index_key": 0,
          "schema_version": 0,
          "attributes": {
            "arn": "arn:aws:iam::000654207548:oidc-provider/oidc.eks.us-east-2.amazonaws.com/id/ECD401F307718020F4D9FA21EA701840",
            "client_id_list": [
              "sts.amazonaws.com"
            ],
            "id": "arn:aws:iam::000654207548:oidc-provider/oidc.eks.us-east-2.amazonaws.com/id/ECD401F307718020F4D9FA21EA701840",
            "thumbprint_list": [
              "9e99a48a9960b14926bb7f3b02e22da2b0ab7280"
            ],
            "url": "oidc.eks.us-east-2.amazonaws.com/id/ECD401F307718020F4D9FA21EA701840"
          },
          "private": "bnVsbA==",
          "dependencies": [
            "module.eks_cluster.aws_cloudwatch_log_group.default",
            "module.eks_cluster.aws_eks_cluster.default",
            "module.eks_cluster.aws_iam_role.default",
            "module.eks_cluster.aws_iam_role_policy_attachment.amazon_eks_cluster_policy",
            "module.eks_cluster.aws_iam_role_policy_attachment.amazon_eks_service_policy",
            "module.eks_cluster.aws_security_group.default",
            "module.subnets.aws_subnet.public",
            "module.vpc.aws_vpc.default"
          ]
        }
      ]
    },
    {
      "module": "module.eks_workers",
      "mode": "managed",
      "type": "aws_iam_role",
      "name": "default",
      "each": "list",
      "provider": "provider.aws",
      "instances": [
        {
          "index_key": 0,
          "schema_version": 0,
          "attributes": {
            "arn": "arn:aws:iam::000654207548:role/eg-test-eks-workers",
            "assume_role_policy": "{\"Version\":\"2012-10-17\",\"Statement\":[{\"Sid\":\"\",\"Effect\":\"Allow\",\"Principal\":{\"Service\":\"ec2.amazonaws.com\"},\"Action\":\"sts:AssumeRole\"}]}",
            "create_date": "2020-03-05T06:08:04Z",
            "description": "",
            "force_detach_policies": false,
            "id": "eg-test-eks-workers",
            "max_session_duration": 3600,
            "name": "eg-test-eks-workers",
            "name_prefix": null,
            "path": "/",
            "permissions_boundary": null,
            "tags": {
              "Attributes": "workers",
              "Name": "eg-test-eks-workers",
              "Namespace": "eg",
              "Stage": "test",
              "kubernetes.io/cluster/eg-test-eks-cluster": "owned"
            },
            "unique_id": "AROAQAJX6NI6CZ5DUUX54"
          },
          "private": "bnVsbA=="
        }
      ]
    },
    {
      "module": "module.eks_cluster",
      "mode": "managed",
      "type": "aws_iam_role",
      "name": "default",
      "each": "list",
      "provider": "provider.aws",
      "instances": [
        {
          "index_key": 0,
          "schema_version": 0,
          "attributes": {
            "arn": "arn:aws:iam::000654207548:role/AWSIAM-eks",
            "assume_role_policy": "{\"Version\":\"2012-10-17\",\"Statement\":[{\"Sid\":\"\",\"Effect\":\"Allow\",\"Principal\":{\"Service\":\"eks.amazonaws.com\"},\"Action\":\"sts:AssumeRole\"}]}",
            "create_date": "2020-03-05T06:08:04Z",
            "description": "",
            "force_detach_policies": false,
            "id": "AWSIAM-eks",
            "max_session_duration": 3600,
            "name": "AWSIAM-eks",
            "name_prefix": null,
            "path": "/",
            "permissions_boundary": null,
            "tags": {},
            "unique_id": "AROAQAJX6NI6KSZVKP663"
          },
          "private": "bnVsbA=="
        }
      ]
    },
    {
      "module": "module.eks_workers",
      "mode": "managed",
      "type": "aws_iam_role_policy_attachment",
      "name": "amazon_ec2_container_registry_read_only",
      "each": "list",
      "provider": "provider.aws",
      "instances": [
        {
          "index_key": 0,
          "schema_version": 0,
          "attributes": {
            "id": "eg-test-eks-workers-20200305060805325000000002",
            "policy_arn": "arn:aws:iam::aws:policy/AmazonEC2ContainerRegistryReadOnly",
            "role": "eg-test-eks-workers"
          },
          "private": "bnVsbA==",
          "dependencies": [
            "module.eks_workers.aws_iam_role.default"
          ]
        }
      ]
    },
    {
      "module": "module.eks_cluster",
      "mode": "managed",
      "type": "aws_iam_role_policy_attachment",
      "name": "amazon_eks_cluster_policy",
      "each": "list",
      "provider": "provider.aws",
      "instances": [
        {
          "index_key": 0,
          "schema_version": 0,
          "attributes": {
            "id": "AWSIAM-eks-20200305060805344100000003",
            "policy_arn": "arn:aws:iam::aws:policy/AmazonEKSClusterPolicy",
            "role": "AWSIAM-eks"
          },
          "private": "bnVsbA==",
          "dependencies": [
            "module.eks_cluster.aws_iam_role.default"
          ]
        }
      ]
    },
    {
      "module": "module.eks_workers",
      "mode": "managed",
      "type": "aws_iam_role_policy_attachment",
      "name": "amazon_eks_cni_policy",
      "each": "list",
      "provider": "provider.aws",
      "instances": [
        {
          "index_key": 0,
          "schema_version": 0,
          "attributes": {
            "id": "eg-test-eks-workers-20200305060806130500000005",
            "policy_arn": "arn:aws:iam::aws:policy/AmazonEKS_CNI_Policy",
            "role": "eg-test-eks-workers"
          },
          "private": "bnVsbA==",
          "dependencies": [
            "module.eks_workers.aws_iam_role.default"
          ]
        }
      ]
    },
    {
      "module": "module.eks_cluster",
      "mode": "managed",
      "type": "aws_iam_role_policy_attachment",
      "name": "amazon_eks_service_policy",
      "each": "list",
      "provider": "provider.aws",
      "instances": [
        {
          "index_key": 0,
          "schema_version": 0,
          "attributes": {
            "id": "AWSIAM-eks-20200305060805318800000001",
            "policy_arn": "arn:aws:iam::aws:policy/AmazonEKSServicePolicy",
            "role": "AWSIAM-eks"
          },
          "private": "bnVsbA==",
          "dependencies": [
            "module.eks_cluster.aws_iam_role.default"
          ]
        }
      ]
    },
    {
      "module": "module.eks_workers",
      "mode": "managed",
      "type": "aws_iam_role_policy_attachment",
      "name": "amazon_eks_worker_node_policy",
      "each": "list",
      "provider": "provider.aws",
      "instances": [
        {
          "index_key": 0,
          "schema_version": 0,
          "attributes": {
            "id": "eg-test-eks-workers-20200305060805360300000004",
            "policy_arn": "arn:aws:iam::aws:policy/AmazonEKSWorkerNodePolicy",
            "role": "eg-test-eks-workers"
          },
          "private": "bnVsbA==",
          "dependencies": [
            "module.eks_workers.aws_iam_role.default"
          ]
        }
      ]
    },
    {
      "module": "module.eks_workers",
      "mode": "managed",
      "type": "aws_iam_role_policy_attachment",
      "name": "existing_policies_attach_to_eks_workers_role",
      "each": "list",
      "provider": "provider.aws",
      "instances": []
    },
    {
      "module": "module.subnets",
      "mode": "managed",
      "type": "aws_instance",
      "name": "nat_instance",
      "each": "list",
      "provider": "provider.aws",
      "instances": []
    },
    {
      "module": "module.vpc",
      "mode": "managed",
      "type": "aws_internet_gateway",
      "name": "default",
      "provider": "provider.aws",
      "instances": [
        {
          "schema_version": 0,
          "attributes": {
            "id": "igw-0a0c104c13979a347",
            "owner_id": "000654207548",
            "tags": {
              "Attributes": "cluster",
              "Name": "eg-test-eks-cluster",
              "Namespace": "eg",
              "Stage": "test",
              "kubernetes.io/cluster/eg-test-eks-cluster": "shared"
            },
            "vpc_id": "vpc-09be493c0be90c77f"
          },
          "private": "bnVsbA==",
          "dependencies": [
            "module.vpc.aws_vpc.default"
          ]
        }
      ]
    },
    {
      "module": "module.eks_workers.module.autoscale_group",
      "mode": "managed",
      "type": "aws_launch_template",
      "name": "default",
      "each": "list",
      "provider": "provider.aws",
      "instances": [
        {
          "index_key": 0,
          "schema_version": 0,
          "attributes": {
            "arn": "arn:aws:ec2:us-east-2:000654207548:launch-template/lt-0aae9071f78565887",
            "block_device_mappings": [],
            "capacity_reservation_specification": [],
            "cpu_options": [],
            "credit_specification": [],
            "default_version": 1,
            "description": "",
            "disable_api_termination": false,
            "ebs_optimized": "false",
            "elastic_gpu_specifications": [],
            "elastic_inference_accelerator": [],
            "iam_instance_profile": [
              {
                "arn": "",
                "name": "eg-test-eks-workers"
              }
            ],
            "id": "lt-0aae9071f78565887",
            "image_id": "ami-00ec371f33c240b7a",
            "instance_initiated_shutdown_behavior": "terminate",
            "instance_market_options": [],
            "instance_type": "t2.small",
            "kernel_id": "",
            "key_name": "",
            "latest_version": 1,
            "license_specification": [],
            "monitoring": [
              {
                "enabled": true
              }
            ],
            "name": "eg-test-eks-20200305061901858800000006",
            "name_prefix": "eg-test-eks-",
            "network_interfaces": [
              {
                "associate_public_ip_address": "true",
                "delete_on_termination": true,
                "description": "eg-test-eks",
                "device_index": 0,
                "ipv4_address_count": 0,
                "ipv4_addresses": [],
                "ipv6_address_count": 0,
                "ipv6_addresses": [],
                "network_interface_id": "",
                "private_ip_address": "",
                "security_groups": [
                  "sg-0ccbd98d8688d4905"
                ],
                "subnet_id": ""
              }
            ],
            "placement": [],
            "ram_disk_id": "",
            "security_group_names": [],
            "tag_specifications": [
              {
                "resource_type": "volume",
                "tags": {
                  "Attributes": "workers",
                  "Name": "eg-test-eks-workers",
                  "Namespace": "eg",
                  "Stage": "test",
                  "kubernetes.io/cluster/eg-test-eks-cluster": "owned"
                }
              },
              {
                "resource_type": "instance",
                "tags": {
                  "Attributes": "workers",
                  "Name": "eg-test-eks-workers",
                  "Namespace": "eg",
                  "Stage": "test",
                  "kubernetes.io/cluster/eg-test-eks-cluster": "owned"
                }
              }
            ],
            "tags": {
              "Attributes": "workers",
              "Name": "eg-test-eks-workers",
              "Namespace": "eg",
              "Stage": "test",
              "kubernetes.io/cluster/eg-test-eks-cluster": "owned"
            },
            "user_data": "IyEvYmluL2Jhc2gKCiMgdXNlcmRhdGEgZm9yIEVLUyB3b3JrZXIgbm9kZXMgdG8gcHJvcGVybHkgY29uZmlndXJlIEt1YmVybmV0ZXMgYXBwbGljYXRpb25zIG9uIEVDMiBpbnN0YW5jZXMKIyBodHRwczovL2RvY3MuYXdzLmFtYXpvbi5jb20vZWtzL2xhdGVzdC91c2VyZ3VpZGUvbGF1bmNoLXdvcmtlcnMuaHRtbAojIGh0dHBzOi8vYXdzLmFtYXpvbi5jb20vYmxvZ3Mvb3BlbnNvdXJjZS9pbXByb3ZlbWVudHMtZWtzLXdvcmtlci1ub2RlLXByb3Zpc2lvbmluZy8KIyBodHRwczovL2dpdGh1Yi5jb20vYXdzbGFicy9hbWF6b24tZWtzLWFtaS9ibG9iL21hc3Rlci9maWxlcy9ib290c3RyYXAuc2gjTDk3CgoKCmV4cG9ydCBLVUJFTEVUX0VYVFJBX0FSR1M9CgovZXRjL2Vrcy9ib290c3RyYXAuc2ggLS1hcGlzZXJ2ZXItZW5kcG9pbnQgJ2h0dHBzOi8vRUNENDAxRjMwNzcxODAyMEY0RDlGQTIxRUE3MDE4NDAuZ3I3LnVzLWVhc3QtMi5la3MuYW1hem9uYXdzLmNvbScgLS1iNjQtY2x1c3Rlci1jYSAnTFMwdExTMUNSVWRKVGlCRFJWSlVTVVpKUTBGVVJTMHRMUzB0Q2sxSlNVTjVSRU5EUVdKRFowRjNTVUpCWjBsQ1FVUkJUa0puYTNGb2EybEhPWGN3UWtGUmMwWkJSRUZXVFZKTmQwVlJXVVJXVVZGRVJYZHdjbVJYU213S1kyMDFiR1JIVm5wTlFqUllSRlJKZDAxRVRYZE9WRUV5VFZSVmVVOVdiMWhFVkUxM1RVUk5kMDE2UVRKTlZGVjVUMVp2ZDBaVVJWUk5Ra1ZIUVRGVlJRcEJlRTFMWVROV2FWcFlTblZhV0ZKc1kzcERRMEZUU1hkRVVWbEtTMjlhU1doMlkwNUJVVVZDUWxGQlJHZG5SVkJCUkVORFFWRnZRMmRuUlVKQlRtNXhDbmhLTjBJM1JFZGljVXBpYTA1NlYwRXpSSGQzVkZWWVdWVkRNbm93YWk5b1ZuRjNkRTlVVlZkSFR6a3dXSGRIYXpsQlVVNXNha2hKUjAxdWMybHBUMWtLTjNOUE1tVlFNbk00TXpGc1l6QlplazVxYlV4SmRTczJZbXhVTUhoeWRsWldkbmcwYVVGWVVuTlNXbFUzY0hSNlJGVlNlVzkyY0dkTkwyeFlTVTR4U3dweFZuaGFObnBoWlRaMk9XMUJRV2R6VDNWV2VWY3lhR3hPVkZwUk4wbFBMM05VYkVNeVRIQldTSEE0WW1SeGR6ZFRiM0pqY1hBeGRtd3lTMlIyTDBNNUNtZ3pMekJEYWpWWWVIZ3lNSEJxUlVkV2RqWnpSR2wwYm5VM1JGRnhOR0ZXWkZOdFZXMTFjMk5YTUM5eGVTdHVkWHBsT0VFNWNVRlFXa3RKZFRGeVdrd0tOWGh3TTI5RVVtbEJWWGhsV0U5dWFFTXhSWGR3UnpoaWEwMURhV1JhVmsxdGFHZEhWVU5QWlZSUWIzVTNXVWRzZFRSR05DOXhkR3RhT0hkWllqVndaQXBLV1U5V1kxcDFlRk5IWmtSTWFVOVRWMHhqUTBGM1JVRkJZVTFxVFVORmQwUm5XVVJXVWpCUVFWRklMMEpCVVVSQlowdHJUVUU0UjBFeFZXUkZkMFZDQ2k5M1VVWk5RVTFDUVdZNGQwUlJXVXBMYjFwSmFIWmpUa0ZSUlV4Q1VVRkVaMmRGUWtGRVFXUmtSVnBuTW0xQ1VWbENZM2RCYW01aFpqZDVWeXR1YVVJS2MzaGtiMnBoYTAxTmJWWkZWMVY1VDAxbldHTk1SbGxXVmsxRU0zbEhRMGxKVTFSQ2VEWm1NRUpMZG5wbE1GcDZNVzQwTHpsd2VscFZZaXRIVTNVdk9RcDZTVlpUV0hwSFVHMWxVVGMxUmtVMUx6aEJURWxRZDBsd1EwNTNUamxwUjFkVFlrTmlkR2xWZG1KWVdrdFFibkF5ZGl0TmNWZERjWGN2YTNWWVdDczFDbTVWTmtkeWRWRkRRVk14TjBsNGVVSjBOR1F3V0hoTmVYbENla2RTZEVGSk1UUm1lRkF6SzNGRWRGUlFPRFJyY20xRE5DdFdRMlZEVTJObFJuWlRlRkVLUVVGVWNEQkJlWHB4Yms5elJFSkxaRXh1UVVOa1JuSmtWVkpNVDBWcmMxSmxVelJpSzNKeFlrMDRRM1ZCTDNwa1kxZElWemhOT0V0U2NsVm1kblJ4TVFwd1YwdDZkR3N4TjNkTk9HSnJSbkU1V2pWMWNHTlVOREIzVHpWUmJGcENSMHRsTlc0NE16WnRPR3BJYjJsSGNrWmlNR05pVlhGSWNXeG1VVDBLTFMwdExTMUZUa1FnUTBWU1ZFbEdTVU5CVkVVdExTMHRMUW89JyAnZWctdGVzdC1la3MtY2x1c3RlcicKCg==",
            "vpc_security_group_ids": []
          },
          "private": "bnVsbA==",
          "dependencies": [
            "module.eks_cluster.aws_cloudwatch_log_group.default",
            "module.eks_cluster.aws_eks_cluster.default",
            "module.eks_cluster.aws_iam_role.default",
            "module.eks_cluster.aws_iam_role_policy_attachment.amazon_eks_cluster_policy",
            "module.eks_cluster.aws_iam_role_policy_attachment.amazon_eks_service_policy",
            "module.eks_cluster.aws_security_group.default",
            "module.eks_workers.aws_iam_instance_profile.default",
            "module.eks_workers.aws_iam_role.default",
            "module.eks_workers.aws_security_group.default",
            "module.subnets.aws_subnet.public",
            "module.vpc.aws_vpc.default"
          ]
        }
      ]
    },
    {
      "module": "module.subnets",
      "mode": "managed",
      "type": "aws_nat_gateway",
      "name": "default",
      "each": "list",
      "provider": "provider.aws",
      "instances": []
    },
    {
      "module": "module.subnets",
      "mode": "managed",
      "type": "aws_network_acl",
      "name": "private",
      "each": "list",
      "provider": "provider.aws",
      "instances": [
        {
          "index_key": 0,
          "schema_version": 0,
          "attributes": {
            "egress": [
              {
                "action": "allow",
                "cidr_block": "0.0.0.0/0",
                "from_port": 0,
                "icmp_code": 0,
                "icmp_type": 0,
                "ipv6_cidr_block": "",
                "protocol": "-1",
                "rule_no": 100,
                "to_port": 0
              }
            ],
            "id": "acl-05e86310ad82196ed",
            "ingress": [
              {
                "action": "allow",
                "cidr_block": "0.0.0.0/0",
                "from_port": 0,
                "icmp_code": 0,
                "icmp_type": 0,
                "ipv6_cidr_block": "",
                "protocol": "-1",
                "rule_no": 100,
                "to_port": 0
              }
            ],
            "owner_id": "000654207548",
            "subnet_id": null,
            "subnet_ids": [
              "subnet-0609614e24572ae52",
              "subnet-09169032fffa2fbad"
            ],
            "tags": {
              "Attributes": "cluster",
              "Name": "eg-test-eks-cluster",
              "Namespace": "eg",
              "Stage": "test",
              "cpco.io/subnet/type": "private",
              "kubernetes.io/cluster/eg-test-eks-cluster": "shared"
            },
            "vpc_id": "vpc-09be493c0be90c77f"
          },
          "private": "bnVsbA==",
          "dependencies": [
            "module.subnets.aws_subnet.private",
            "module.vpc.aws_vpc.default"
          ]
        }
      ]
    },
    {
      "module": "module.subnets",
      "mode": "managed",
      "type": "aws_network_acl",
      "name": "public",
      "each": "list",
      "provider": "provider.aws",
      "instances": [
        {
          "index_key": 0,
          "schema_version": 0,
          "attributes": {
            "egress": [
              {
                "action": "allow",
                "cidr_block": "0.0.0.0/0",
                "from_port": 0,
                "icmp_code": 0,
                "icmp_type": 0,
                "ipv6_cidr_block": "",
                "protocol": "-1",
                "rule_no": 100,
                "to_port": 0
              }
            ],
            "id": "acl-0d48b3ed77861af72",
            "ingress": [
              {
                "action": "allow",
                "cidr_block": "0.0.0.0/0",
                "from_port": 0,
                "icmp_code": 0,
                "icmp_type": 0,
                "ipv6_cidr_block": "",
                "protocol": "-1",
                "rule_no": 100,
                "to_port": 0
              }
            ],
            "owner_id": "000654207548",
            "subnet_id": null,
            "subnet_ids": [
              "subnet-032af6abbd757a8a6",
              "subnet-0b134fad07f86a960"
            ],
            "tags": {
              "Attributes": "cluster",
              "Name": "eg-test-eks-cluster",
              "Namespace": "eg",
              "Stage": "test",
              "cpco.io/subnet/type": "public",
              "kubernetes.io/cluster/eg-test-eks-cluster": "shared"
            },
            "vpc_id": "vpc-09be493c0be90c77f"
          },
          "private": "bnVsbA==",
          "dependencies": [
            "module.subnets.aws_subnet.public",
            "module.vpc.aws_vpc.default"
          ]
        }
      ]
    },
    {
      "module": "module.subnets",
      "mode": "managed",
      "type": "aws_route",
      "name": "default",
      "each": "list",
      "provider": "provider.aws",
      "instances": []
    },
    {
      "module": "module.subnets",
      "mode": "managed",
      "type": "aws_route",
      "name": "nat_instance",
      "each": "list",
      "provider": "provider.aws",
      "instances": []
    },
    {
      "module": "module.subnets",
      "mode": "managed",
      "type": "aws_route",
      "name": "public",
      "each": "list",
      "provider": "provider.aws",
      "instances": [
        {
          "index_key": 0,
          "schema_version": 0,
          "attributes": {
            "destination_cidr_block": "0.0.0.0/0",
            "destination_ipv6_cidr_block": null,
            "destination_prefix_list_id": "",
            "egress_only_gateway_id": "",
            "gateway_id": "igw-0a0c104c13979a347",
            "id": "r-rtb-0febc22e50b2c2dd81080289494",
            "instance_id": "",
            "instance_owner_id": "",
            "nat_gateway_id": "",
            "network_interface_id": "",
            "origin": "CreateRoute",
            "route_table_id": "rtb-0febc22e50b2c2dd8",
            "state": "active",
            "timeouts": null,
            "transit_gateway_id": "",
            "vpc_peering_connection_id": ""
          },
          "private": "eyJlMmJmYjczMC1lY2FhLTExZTYtOGY4OC0zNDM2M2JjN2M0YzAiOnsiY3JlYXRlIjoxMjAwMDAwMDAwMDAsImRlbGV0ZSI6MzAwMDAwMDAwMDAwfX0=",
          "dependencies": [
            "module.subnets.aws_route_table.public",
            "module.vpc.aws_internet_gateway.default",
            "module.vpc.aws_vpc.default"
          ]
        }
      ]
    },
    {
      "module": "module.subnets",
      "mode": "managed",
      "type": "aws_route_table",
      "name": "private",
      "each": "list",
      "provider": "provider.aws",
      "instances": [
        {
          "index_key": 0,
          "schema_version": 0,
          "attributes": {
            "id": "rtb-0b62f060e5464a105",
            "owner_id": "000654207548",
            "propagating_vgws": [],
            "route": [],
            "tags": {
              "Attributes": "cluster",
              "Name": "eg-test-eks-private-us-east-2a",
              "Namespace": "eg",
              "Stage": "test",
              "cpco.io/subnet/type": "private",
              "kubernetes.io/cluster/eg-test-eks-cluster": "shared"
            },
            "vpc_id": "vpc-09be493c0be90c77f"
          },
          "private": "bnVsbA==",
          "dependencies": [
            "module.vpc.aws_vpc.default"
          ]
        },
        {
          "index_key": 1,
          "schema_version": 0,
          "attributes": {
            "id": "rtb-0bb3e7211a8df266f",
            "owner_id": "000654207548",
            "propagating_vgws": [],
            "route": [],
            "tags": {
              "Attributes": "cluster",
              "Name": "eg-test-eks-private-us-east-2b",
              "Namespace": "eg",
              "Stage": "test",
              "cpco.io/subnet/type": "private",
              "kubernetes.io/cluster/eg-test-eks-cluster": "shared"
            },
            "vpc_id": "vpc-09be493c0be90c77f"
          },
          "private": "bnVsbA==",
          "dependencies": [
            "module.vpc.aws_vpc.default"
          ]
        }
      ]
    },
    {
      "module": "module.subnets",
      "mode": "managed",
      "type": "aws_route_table",
      "name": "public",
      "each": "list",
      "provider": "provider.aws",
      "instances": [
        {
          "index_key": 0,
          "schema_version": 0,
          "attributes": {
            "id": "rtb-0febc22e50b2c2dd8",
            "owner_id": "000654207548",
            "propagating_vgws": [],
            "route": [
              {
                "cidr_block": "0.0.0.0/0",
                "egress_only_gateway_id": "",
                "gateway_id": "igw-0a0c104c13979a347",
                "instance_id": "",
                "ipv6_cidr_block": "",
                "nat_gateway_id": "",
                "network_interface_id": "",
                "transit_gateway_id": "",
                "vpc_peering_connection_id": ""
              }
            ],
            "tags": {
              "Attributes": "cluster",
              "Name": "eg-test-eks-cluster",
              "Namespace": "eg",
              "Stage": "test",
              "cpco.io/subnet/type": "public",
              "kubernetes.io/cluster/eg-test-eks-cluster": "shared"
            },
            "vpc_id": "vpc-09be493c0be90c77f"
          },
          "private": "bnVsbA==",
          "dependencies": [
            "module.vpc.aws_vpc.default"
          ]
        }
      ]
    },
    {
      "module": "module.subnets",
      "mode": "managed",
      "type": "aws_route_table_association",
      "name": "private",
      "each": "list",
      "provider": "provider.aws",
      "instances": [
        {
          "index_key": 0,
          "schema_version": 0,
          "attributes": {
            "gateway_id": null,
            "id": "rtbassoc-0ce7df89e3b649a6d",
            "route_table_id": "rtb-0b62f060e5464a105",
            "subnet_id": "subnet-09169032fffa2fbad"
          },
          "private": "bnVsbA==",
          "dependencies": [
            "module.subnets.aws_route_table.private",
            "module.subnets.aws_subnet.private",
            "module.vpc.aws_vpc.default"
          ]
        },
        {
          "index_key": 1,
          "schema_version": 0,
          "attributes": {
            "gateway_id": null,
            "id": "rtbassoc-00a4af21e8a219293",
            "route_table_id": "rtb-0bb3e7211a8df266f",
            "subnet_id": "subnet-0609614e24572ae52"
          },
          "private": "bnVsbA==",
          "dependencies": [
            "module.subnets.aws_route_table.private",
            "module.subnets.aws_subnet.private",
            "module.vpc.aws_vpc.default"
          ]
        }
      ]
    },
    {
      "module": "module.subnets",
      "mode": "managed",
      "type": "aws_route_table_association",
      "name": "public",
      "each": "list",
      "provider": "provider.aws",
      "instances": [
        {
          "index_key": 0,
          "schema_version": 0,
          "attributes": {
            "gateway_id": null,
            "id": "rtbassoc-055a5a3ee7913c53d",
            "route_table_id": "rtb-0febc22e50b2c2dd8",
            "subnet_id": "subnet-032af6abbd757a8a6"
          },
          "private": "bnVsbA==",
          "dependencies": [
            "module.subnets.aws_route_table.public",
            "module.subnets.aws_subnet.public",
            "module.vpc.aws_vpc.default"
          ]
        },
        {
          "index_key": 1,
          "schema_version": 0,
          "attributes": {
            "gateway_id": null,
            "id": "rtbassoc-0fca5b0939e645c12",
            "route_table_id": "rtb-0febc22e50b2c2dd8",
            "subnet_id": "subnet-0b134fad07f86a960"
          },
          "private": "bnVsbA==",
          "dependencies": [
            "module.subnets.aws_route_table.public",
            "module.subnets.aws_subnet.public",
            "module.vpc.aws_vpc.default"
          ]
        }
      ]
    },
    {
      "module": "module.subnets",
      "mode": "managed",
      "type": "aws_route_table_association",
      "name": "public_default",
      "each": "list",
      "provider": "provider.aws",
      "instances": []
    },
    {
      "module": "module.eks_workers",
      "mode": "managed",
      "type": "aws_security_group",
      "name": "default",
      "each": "list",
      "provider": "provider.aws",
      "instances": [
        {
          "index_key": 0,
          "schema_version": 1,
          "attributes": {
            "arn": "arn:aws:ec2:us-east-2:000654207548:security-group/sg-0ccbd98d8688d4905",
            "description": "Security Group for EKS worker nodes",
            "egress": [
              {
                "cidr_blocks": [
                  "0.0.0.0/0"
                ],
                "description": "Allow all egress traffic",
                "from_port": 0,
                "ipv6_cidr_blocks": [],
                "prefix_list_ids": [],
                "protocol": "-1",
                "security_groups": [],
                "self": false,
                "to_port": 0
              }
            ],
            "id": "sg-0ccbd98d8688d4905",
            "ingress": [
              {
                "cidr_blocks": [],
                "description": "Allow nodes to communicate with each other",
                "from_port": 0,
                "ipv6_cidr_blocks": [],
                "prefix_list_ids": [],
                "protocol": "-1",
                "security_groups": [],
                "self": true,
                "to_port": 0
              },
              {
                "cidr_blocks": [],
                "description": "Allow worker kubelets and pods to receive communication from the cluster control plane",
                "from_port": 0,
                "ipv6_cidr_blocks": [],
                "prefix_list_ids": [],
                "protocol": "-1",
                "security_groups": [
                  "sg-0b46c0eb59f95a275"
                ],
                "self": false,
                "to_port": 0
              }
            ],
            "name": "eg-test-eks-workers",
            "name_prefix": null,
            "owner_id": "000654207548",
            "revoke_rules_on_delete": false,
            "tags": {
              "Attributes": "workers",
              "Name": "eg-test-eks-workers",
              "Namespace": "eg",
              "Stage": "test",
              "kubernetes.io/cluster/eg-test-eks-cluster": "owned"
            },
            "timeouts": null,
            "vpc_id": "vpc-09be493c0be90c77f"
          },
          "private": "eyJlMmJmYjczMC1lY2FhLTExZTYtOGY4OC0zNDM2M2JjN2M0YzAiOnsiY3JlYXRlIjo2MDAwMDAwMDAwMDAsImRlbGV0ZSI6NjAwMDAwMDAwMDAwfSwic2NoZW1hX3ZlcnNpb24iOiIxIn0=",
          "dependencies": [
            "module.vpc.aws_vpc.default"
          ]
        }
      ]
    },
    {
      "module": "module.eks_cluster",
      "mode": "managed",
      "type": "aws_security_group",
      "name": "default",
      "each": "list",
      "provider": "provider.aws",
      "instances": [
        {
          "index_key": 0,
          "schema_version": 1,
          "attributes": {
            "arn": "arn:aws:ec2:us-east-2:000654207548:security-group/sg-0b46c0eb59f95a275",
            "description": "Security Group for EKS cluster",
            "egress": [
              {
                "cidr_blocks": [
                  "0.0.0.0/0"
                ],
                "description": "Allow all egress traffic",
                "from_port": 0,
                "ipv6_cidr_blocks": [],
                "prefix_list_ids": [],
                "protocol": "-1",
                "security_groups": [],
                "self": false,
                "to_port": 0
              }
            ],
            "id": "sg-0b46c0eb59f95a275",
            "ingress": [
              {
                "cidr_blocks": [],
                "description": "Allow the cluster to receive communication from the worker nodes",
                "from_port": 0,
                "ipv6_cidr_blocks": [],
                "prefix_list_ids": [],
                "protocol": "-1",
                "security_groups": [
                  "sg-0ccbd98d8688d4905"
                ],
                "self": false,
                "to_port": 0
              }
            ],
            "name": "eks",
            "name_prefix": null,
            "owner_id": "000654207548",
            "revoke_rules_on_delete": false,
            "tags": {},
            "timeouts": null,
            "vpc_id": "vpc-09be493c0be90c77f"
          },
          "private": "eyJlMmJmYjczMC1lY2FhLTExZTYtOGY4OC0zNDM2M2JjN2M0YzAiOnsiY3JlYXRlIjo2MDAwMDAwMDAwMDAsImRlbGV0ZSI6NjAwMDAwMDAwMDAwfSwic2NoZW1hX3ZlcnNpb24iOiIxIn0=",
          "dependencies": [
            "module.vpc.aws_vpc.default"
          ]
        }
      ]
    },
    {
      "module": "module.subnets",
      "mode": "managed",
      "type": "aws_security_group",
      "name": "nat_instance",
      "each": "list",
      "provider": "provider.aws",
      "instances": []
    },
    {
      "module": "module.eks_workers",
      "mode": "managed",
      "type": "aws_security_group_rule",
      "name": "egress",
      "each": "list",
      "provider": "provider.aws",
      "instances": [
        {
          "index_key": 0,
          "schema_version": 2,
          "attributes": {
            "cidr_blocks": [
              "0.0.0.0/0"
            ],
            "description": "Allow all egress traffic",
            "from_port": 0,
            "id": "sgrule-3718566667",
            "ipv6_cidr_blocks": [],
            "prefix_list_ids": [],
            "protocol": "-1",
            "security_group_id": "sg-0ccbd98d8688d4905",
            "self": false,
            "source_security_group_id": null,
            "to_port": 0,
            "type": "egress"
          },
          "private": "eyJzY2hlbWFfdmVyc2lvbiI6IjIifQ==",
          "dependencies": [
            "module.eks_workers.aws_security_group.default",
            "module.vpc.aws_vpc.default"
          ]
        }
      ]
    },
    {
      "module": "module.eks_cluster",
      "mode": "managed",
      "type": "aws_security_group_rule",
      "name": "egress",
      "each": "list",
      "provider": "provider.aws",
      "instances": [
        {
          "index_key": 0,
          "schema_version": 2,
          "attributes": {
            "cidr_blocks": [
              "0.0.0.0/0"
            ],
            "description": "Allow all egress traffic",
            "from_port": 0,
            "id": "sgrule-162073943",
            "ipv6_cidr_blocks": [],
            "prefix_list_ids": [],
            "protocol": "-1",
            "security_group_id": "sg-0b46c0eb59f95a275",
            "self": false,
            "source_security_group_id": null,
            "to_port": 0,
            "type": "egress"
          },
          "private": "eyJzY2hlbWFfdmVyc2lvbiI6IjIifQ==",
          "dependencies": [
            "module.eks_cluster.aws_security_group.default",
            "module.vpc.aws_vpc.default"
          ]
        }
      ]
    },
    {
      "module": "module.eks_workers",
      "mode": "managed",
      "type": "aws_security_group_rule",
      "name": "ingress_cidr_blocks",
      "each": "list",
      "provider": "provider.aws",
      "instances": []
    },
    {
      "module": "module.eks_cluster",
      "mode": "managed",
      "type": "aws_security_group_rule",
      "name": "ingress_cidr_blocks",
      "each": "list",
      "provider": "provider.aws",
      "instances": []
    },
    {
      "module": "module.eks_workers",
      "mode": "managed",
      "type": "aws_security_group_rule",
      "name": "ingress_cluster",
      "each": "list",
      "provider": "provider.aws",
      "instances": [
        {
          "index_key": 0,
          "schema_version": 2,
          "attributes": {
            "cidr_blocks": [],
            "description": "Allow worker kubelets and pods to receive communication from the cluster control plane",
            "from_port": 0,
            "id": "sgrule-2803057162",
            "ipv6_cidr_blocks": [],
            "prefix_list_ids": [],
            "protocol": "-1",
            "security_group_id": "sg-0ccbd98d8688d4905",
            "self": false,
            "source_security_group_id": "sg-0b46c0eb59f95a275",
            "to_port": 0,
            "type": "ingress"
          },
          "private": "eyJzY2hlbWFfdmVyc2lvbiI6IjIifQ==",
          "dependencies": [
            "module.eks_cluster.aws_security_group.default",
            "module.eks_workers.aws_security_group.default",
            "module.vpc.aws_vpc.default"
          ]
        }
      ]
    },
    {
      "module": "module.eks_workers",
      "mode": "managed",
      "type": "aws_security_group_rule",
      "name": "ingress_security_groups",
      "each": "list",
      "provider": "provider.aws",
      "instances": []
    },
    {
      "module": "module.eks_cluster",
      "mode": "managed",
      "type": "aws_security_group_rule",
      "name": "ingress_security_groups",
      "each": "list",
      "provider": "provider.aws",
      "instances": []
    },
    {
      "module": "module.eks_workers",
      "mode": "managed",
      "type": "aws_security_group_rule",
      "name": "ingress_self",
      "each": "list",
      "provider": "provider.aws",
      "instances": [
        {
          "index_key": 0,
          "schema_version": 2,
          "attributes": {
            "cidr_blocks": [],
            "description": "Allow nodes to communicate with each other",
            "from_port": 0,
            "id": "sgrule-3575843936",
            "ipv6_cidr_blocks": [],
            "prefix_list_ids": [],
            "protocol": "-1",
            "security_group_id": "sg-0ccbd98d8688d4905",
            "self": false,
            "source_security_group_id": "sg-0ccbd98d8688d4905",
            "to_port": 0,
            "type": "ingress"
          },
          "private": "eyJzY2hlbWFfdmVyc2lvbiI6IjIifQ==",
          "dependencies": [
            "module.eks_workers.aws_security_group.default",
            "module.vpc.aws_vpc.default"
          ]
        }
      ]
    },
    {
      "module": "module.eks_cluster",
      "mode": "managed",
      "type": "aws_security_group_rule",
      "name": "ingress_workers",
      "each": "list",
      "provider": "provider.aws",
      "instances": [
        {
          "index_key": 0,
          "schema_version": 2,
          "attributes": {
            "cidr_blocks": [],
            "description": "Allow the cluster to receive communication from the worker nodes",
            "from_port": 0,
            "id": "sgrule-1861223980",
            "ipv6_cidr_blocks": [],
            "prefix_list_ids": [],
            "protocol": "-1",
            "security_group_id": "sg-0b46c0eb59f95a275",
            "self": false,
            "source_security_group_id": "sg-0ccbd98d8688d4905",
            "to_port": 0,
            "type": "ingress"
          },
          "private": "eyJzY2hlbWFfdmVyc2lvbiI6IjIifQ==",
          "dependencies": [
            "module.eks_cluster.aws_security_group.default",
            "module.eks_workers.aws_security_group.default",
            "module.vpc.aws_vpc.default"
          ]
        }
      ]
    },
    {
      "module": "module.subnets",
      "mode": "managed",
      "type": "aws_security_group_rule",
      "name": "nat_instance_egress",
      "each": "list",
      "provider": "provider.aws",
      "instances": []
    },
    {
      "module": "module.subnets",
      "mode": "managed",
      "type": "aws_security_group_rule",
      "name": "nat_instance_ingress",
      "each": "list",
      "provider": "provider.aws",
      "instances": []
    },
    {
      "module": "module.subnets",
      "mode": "managed",
      "type": "aws_subnet",
      "name": "private",
      "each": "list",
      "provider": "provider.aws",
      "instances": [
        {
          "index_key": 0,
          "schema_version": 1,
          "attributes": {
            "arn": "arn:aws:ec2:us-east-2:000654207548:subnet/subnet-09169032fffa2fbad",
            "assign_ipv6_address_on_creation": false,
            "availability_zone": "us-east-2a",
            "availability_zone_id": "use2-az1",
            "cidr_block": "172.16.0.0/19",
            "id": "subnet-09169032fffa2fbad",
            "ipv6_cidr_block": "",
            "ipv6_cidr_block_association_id": "",
            "map_public_ip_on_launch": false,
            "owner_id": "000654207548",
            "tags": {
              "Attributes": "cluster",
              "Name": "eg-test-eks-private-us-east-2a",
              "Namespace": "eg",
              "Stage": "test",
              "cpco.io/subnet/type": "private",
              "kubernetes.io/cluster/eg-test-eks-cluster": "shared"
            },
            "timeouts": null,
            "vpc_id": "vpc-09be493c0be90c77f"
          },
          "private": "eyJlMmJmYjczMC1lY2FhLTExZTYtOGY4OC0zNDM2M2JjN2M0YzAiOnsiY3JlYXRlIjo2MDAwMDAwMDAwMDAsImRlbGV0ZSI6MTIwMDAwMDAwMDAwMH0sInNjaGVtYV92ZXJzaW9uIjoiMSJ9",
          "dependencies": [
            "module.vpc.aws_vpc.default"
          ]
        },
        {
          "index_key": 1,
          "schema_version": 1,
          "attributes": {
            "arn": "arn:aws:ec2:us-east-2:000654207548:subnet/subnet-0609614e24572ae52",
            "assign_ipv6_address_on_creation": false,
            "availability_zone": "us-east-2b",
            "availability_zone_id": "use2-az2",
            "cidr_block": "172.16.32.0/19",
            "id": "subnet-0609614e24572ae52",
            "ipv6_cidr_block": "",
            "ipv6_cidr_block_association_id": "",
            "map_public_ip_on_launch": false,
            "owner_id": "000654207548",
            "tags": {
              "Attributes": "cluster",
              "Name": "eg-test-eks-private-us-east-2b",
              "Namespace": "eg",
              "Stage": "test",
              "cpco.io/subnet/type": "private",
              "kubernetes.io/cluster/eg-test-eks-cluster": "shared"
            },
            "timeouts": null,
            "vpc_id": "vpc-09be493c0be90c77f"
          },
          "private": "eyJlMmJmYjczMC1lY2FhLTExZTYtOGY4OC0zNDM2M2JjN2M0YzAiOnsiY3JlYXRlIjo2MDAwMDAwMDAwMDAsImRlbGV0ZSI6MTIwMDAwMDAwMDAwMH0sInNjaGVtYV92ZXJzaW9uIjoiMSJ9",
          "dependencies": [
            "module.vpc.aws_vpc.default"
          ]
        }
      ]
    },
    {
      "module": "module.subnets",
      "mode": "managed",
      "type": "aws_subnet",
      "name": "public",
      "each": "list",
      "provider": "provider.aws",
      "instances": [
        {
          "index_key": 0,
          "schema_version": 1,
          "attributes": {
            "arn": "arn:aws:ec2:us-east-2:000654207548:subnet/subnet-032af6abbd757a8a6",
            "assign_ipv6_address_on_creation": false,
            "availability_zone": "us-east-2a",
            "availability_zone_id": "use2-az1",
            "cidr_block": "172.16.96.0/19",
            "id": "subnet-032af6abbd757a8a6",
            "ipv6_cidr_block": "",
            "ipv6_cidr_block_association_id": "",
            "map_public_ip_on_launch": true,
            "owner_id": "000654207548",
            "tags": {
              "Attributes": "cluster",
              "Name": "eg-test-eks-public-us-east-2a",
              "Namespace": "eg",
              "Stage": "test",
              "cpco.io/subnet/type": "public",
              "kubernetes.io/cluster/eg-test-eks-cluster": "shared"
            },
            "timeouts": null,
            "vpc_id": "vpc-09be493c0be90c77f"
          },
          "private": "eyJlMmJmYjczMC1lY2FhLTExZTYtOGY4OC0zNDM2M2JjN2M0YzAiOnsiY3JlYXRlIjo2MDAwMDAwMDAwMDAsImRlbGV0ZSI6MTIwMDAwMDAwMDAwMH0sInNjaGVtYV92ZXJzaW9uIjoiMSJ9",
          "dependencies": [
            "module.vpc.aws_vpc.default"
          ]
        },
        {
          "index_key": 1,
          "schema_version": 1,
          "attributes": {
            "arn": "arn:aws:ec2:us-east-2:000654207548:subnet/subnet-0b134fad07f86a960",
            "assign_ipv6_address_on_creation": false,
            "availability_zone": "us-east-2b",
            "availability_zone_id": "use2-az2",
            "cidr_block": "172.16.128.0/19",
            "id": "subnet-0b134fad07f86a960",
            "ipv6_cidr_block": "",
            "ipv6_cidr_block_association_id": "",
            "map_public_ip_on_launch": true,
            "owner_id": "000654207548",
            "tags": {
              "Attributes": "cluster",
              "Name": "eg-test-eks-public-us-east-2b",
              "Namespace": "eg",
              "Stage": "test",
              "cpco.io/subnet/type": "public",
              "kubernetes.io/cluster/eg-test-eks-cluster": "shared"
            },
            "timeouts": null,
            "vpc_id": "vpc-09be493c0be90c77f"
          },
          "private": "eyJlMmJmYjczMC1lY2FhLTExZTYtOGY4OC0zNDM2M2JjN2M0YzAiOnsiY3JlYXRlIjo2MDAwMDAwMDAwMDAsImRlbGV0ZSI6MTIwMDAwMDAwMDAwMH0sInNjaGVtYV92ZXJzaW9uIjoiMSJ9",
          "dependencies": [
            "module.vpc.aws_vpc.default"
          ]
        }
      ]
    },
    {
      "module": "module.vpc",
      "mode": "managed",
      "type": "aws_vpc",
      "name": "default",
      "provider": "provider.aws",
      "instances": [
        {
          "schema_version": 1,
          "attributes": {
            "arn": "arn:aws:ec2:us-east-2:000654207548:vpc/vpc-09be493c0be90c77f",
            "assign_generated_ipv6_cidr_block": true,
            "cidr_block": "172.16.0.0/16",
            "default_network_acl_id": "acl-0e70cb6bd9d61a9e3",
            "default_route_table_id": "rtb-0ca46aec90941fd9c",
            "default_security_group_id": "sg-0f2197e0107122802",
            "dhcp_options_id": "dopt-c12ffba8",
            "enable_classiclink": false,
            "enable_classiclink_dns_support": false,
            "enable_dns_hostnames": true,
            "enable_dns_support": true,
            "id": "vpc-09be493c0be90c77f",
            "instance_tenancy": "default",
            "ipv6_association_id": "vpc-cidr-assoc-001e5a292eec598a8",
            "ipv6_cidr_block": "2600:1f16:a34:3100::/56",
            "main_route_table_id": "rtb-0ca46aec90941fd9c",
            "owner_id": "000654207548",
            "tags": {
              "Attributes": "cluster",
              "Name": "eg-test-eks-cluster",
              "Namespace": "eg",
              "Stage": "test",
              "kubernetes.io/cluster/eg-test-eks-cluster": "shared"
            }
          },
          "private": "eyJzY2hlbWFfdmVyc2lvbiI6IjEifQ=="
        }
      ]
    },
    {
      "module": "module.eks_cluster",
      "mode": "managed",
      "type": "local_file",
      "name": "configmap_auth",
      "each": "list",
      "provider": "provider.local",
      "instances": [
        {
          "index_key": 0,
          "schema_version": 0,
          "attributes": {
            "content": "apiVersion: v1\nkind: ConfigMap\nmetadata:\n  name: aws-auth\n  namespace: kube-system\ndata:\n  mapRoles: |\n    - \"groups\":\n      - \"system:bootstrappers\"\n      - \"system:nodes\"\n      \"rolearn\": \"arn:aws:iam::000654207548:role/eg-test-eks-workers\"\n      \"username\": \"system:node:{{EC2PrivateDNSName}}\"\n\n\n",
            "content_base64": null,
            "directory_permission": "0777",
            "file_permission": "0777",
            "filename": "../modules/eks-cluster/configmap-auth.yaml",
            "id": "a99f09fdf376d8780287f3b857ce5846c9d79f64",
            "sensitive_content": null
          },
          "private": "bnVsbA=="
        }
      ]
    },
    {
      "module": "module.eks_cluster",
      "mode": "managed",
      "type": "null_resource",
      "name": "apply_configmap_auth",
      "each": "list",
      "provider": "provider.null",
      "instances": [
        {
          "index_key": 0,
          "schema_version": 0,
          "attributes": {
            "id": "5883712131631684788",
            "triggers": {
              "additional_aws_accounts_updated": "[]",
              "additional_roles_updated": "[]",
              "additional_users_updated": "[]",
              "cluster_updated": "eks",
              "configmap_auth_file_content_changed": "apiVersion: v1\nkind: ConfigMap\nmetadata:\n  name: aws-auth\n  namespace: kube-system\ndata:\n  mapRoles: |\n    - \"groups\":\n      - \"system:bootstrappers\"\n      - \"system:nodes\"\n      \"rolearn\": \"arn:aws:iam::000654207548:role/eg-test-eks-workers\"\n      \"username\": \"system:node:{{EC2PrivateDNSName}}\"\n\n\n",
              "configmap_auth_file_id_changed": "a99f09fdf376d8780287f3b857ce5846c9d79f64",
              "worker_roles_updated": "- \"groups\":\n  - \"system:bootstrappers\"\n  - \"system:nodes\"\n  \"rolearn\": \"arn:aws:iam::000654207548:role/eg-test-eks-workers\"\n  \"username\": \"system:node:{{EC2PrivateDNSName}}\""
            }
          },
          "private": "bnVsbA==",
          "dependencies": [
            "module.eks_cluster.aws_eks_cluster.default",
            "module.eks_cluster.local_file.configmap_auth",
            "module.eks_workers.aws_iam_role.default"
          ]
        }
      ]
    }
  ]
}
