{
  "version": 4,
  "terraform_version": "0.12.19",
  "serial": 302,
  "lineage": "4ae88b66-38b2-09d2-4fad-9e3a459cc132",
  "outputs": {
    "eks_cluster_arn": {
      "value": "arn:aws:eks:us-east-2:000654207548:cluster/eks-kfsgm-cluster",
      "type": "string"
    },
    "eks_cluster_endpoint": {
      "value": "https://BC11B3572791200BDFC258164CC8C804.gr7.us-east-2.eks.amazonaws.com",
      "type": "string"
    },
    "eks_cluster_id": {
      "value": "eks-kfsgm-cluster",
      "type": "string"
    },
    "eks_cluster_identity_oidc_issuer": {
      "value": "https://oidc.eks.us-east-2.amazonaws.com/id/BC11B3572791200BDFC258164CC8C804",
      "type": "string"
    },
    "eks_cluster_managed_security_group_id": {
      "value": "sg-0075ec647162d3d69",
      "type": "string"
    },
    "eks_cluster_security_group_arn": {
      "value": "arn:aws:ec2:us-east-2:000654207548:security-group/sg-06af2dc76d4236aae",
      "type": "string"
    },
    "eks_cluster_security_group_id": {
      "value": "sg-06af2dc76d4236aae",
      "type": "string"
    },
    "eks_cluster_security_group_name": {
      "value": "eks-kfsgm-cluster",
      "type": "string"
    },
    "eks_cluster_version": {
      "value": "1.14",
      "type": "string"
    },
    "private_subnet_cidrs": {
      "value": [
        "172.16.0.0/19",
        "172.16.32.0/19"
      ],
      "type": [
        "tuple",
        [
          "string",
          "string"
        ]
      ]
    },
    "public_subnet_cidrs": {
      "value": [
        "172.16.96.0/19",
        "172.16.128.0/19"
      ],
      "type": [
        "tuple",
        [
          "string",
          "string"
        ]
      ]
    },
    "vpc_cidr": {
      "value": "172.16.0.0/16",
      "type": "string"
    },
    "workers_autoscaling_group_arn": {
      "value": "arn:aws:autoscaling:us-east-2:000654207548:autoScalingGroup:0729e129-7a87-4128-85ed-6aaf47880087:autoScalingGroupName/sagemaker-kubeflow-test-eks-kfsgm-cluster-20200308075859027000000008",
      "type": "string"
    },
    "workers_autoscaling_group_default_cooldown": {
      "value": "300",
      "type": "string"
    },
    "workers_autoscaling_group_desired_capacity": {
      "value": "2",
      "type": "string"
    },
    "workers_autoscaling_group_health_check_grace_period": {
      "value": "300",
      "type": "string"
    },
    "workers_autoscaling_group_health_check_type": {
      "value": "EC2",
      "type": "string"
    },
    "workers_autoscaling_group_id": {
      "value": "sagemaker-kubeflow-test-eks-kfsgm-cluster-20200308075859027000000008",
      "type": "string"
    },
    "workers_autoscaling_group_max_size": {
      "value": "3",
      "type": "string"
    },
    "workers_autoscaling_group_min_size": {
      "value": "2",
      "type": "string"
    },
    "workers_autoscaling_group_name": {
      "value": "sagemaker-kubeflow-test-eks-kfsgm-cluster-20200308075859027000000008",
      "type": "string"
    },
    "workers_launch_template_arn": {
      "value": "arn:aws:ec2:us-east-2:000654207548:launch-template/lt-0fdaba33645a114ea",
      "type": "string"
    },
    "workers_launch_template_id": {
      "value": "lt-0fdaba33645a114ea",
      "type": "string"
    },
    "workers_role_arn": {
      "value": "arn:aws:iam::000654207548:role/sagemaker-kubeflow-test-eks-kfsgm-cluster-workers",
      "type": "string"
    },
    "workers_role_name": {
      "value": "sagemaker-kubeflow-test-eks-kfsgm-cluster-workers",
      "type": "string"
    },
    "workers_security_group_arn": {
      "value": "arn:aws:ec2:us-east-2:000654207548:security-group/sg-0bde6fff8bfb6b701",
      "type": "string"
    },
    "workers_security_group_id": {
      "value": "sg-0bde6fff8bfb6b701",
      "type": "string"
    },
    "workers_security_group_name": {
      "value": "sagemaker-kubeflow-test-eks-kfsgm-cluster-workers",
      "type": "string"
    }
  },
  "resources": [
    {
      "module": "module.eks_workers",
      "mode": "data",
      "type": "aws_ami",
      "name": "eks_worker",
      "each": "list",
      "provider": "provider.aws",
      "instances": [
        {
          "index_key": 0,
          "schema_version": 0,
          "attributes": {
            "architecture": "x86_64",
            "block_device_mappings": [
              {
                "device_name": "/dev/xvda",
                "ebs": {
                  "delete_on_termination": "true",
                  "encrypted": "false",
                  "iops": "0",
                  "snapshot_id": "snap-0dd434e68359cd21f",
                  "volume_size": "20",
                  "volume_type": "gp2"
                },
                "no_device": "",
                "virtual_name": ""
              }
            ],
            "creation_date": "2020-02-29T19:57:08.000Z",
            "description": "EKS Kubernetes Worker AMI with AmazonLinux2 image, (k8s: 1.14.9, docker:18.09.9ce-2.amzn2)",
            "executable_users": null,
            "filter": [
              {
                "name": "name",
                "values": [
                  "amazon-eks-node-1.14*"
                ]
              }
            ],
            "hypervisor": "xen",
            "id": "ami-00ec371f33c240b7a",
            "image_id": "ami-00ec371f33c240b7a",
            "image_location": "amazon/amazon-eks-node-1.14-v20200228",
            "image_owner_alias": "amazon",
            "image_type": "machine",
            "kernel_id": null,
            "most_recent": true,
            "name": "amazon-eks-node-1.14-v20200228",
            "name_regex": "^amazon-eks-node-[1-9,\\.]+-v\\d{8}$",
            "owner_id": "602401143452",
            "owners": [
              "602401143452"
            ],
            "platform": null,
            "product_codes": [],
            "public": true,
            "ramdisk_id": null,
            "root_device_name": "/dev/xvda",
            "root_device_type": "ebs",
            "root_snapshot_id": "snap-0dd434e68359cd21f",
            "sriov_net_support": "simple",
            "state": "available",
            "state_reason": {
              "code": "UNSET",
              "message": "UNSET"
            },
            "tags": {},
            "virtualization_type": "hvm"
          }
        }
      ]
    },
    {
      "module": "module.subnets",
      "mode": "data",
      "type": "aws_ami",
      "name": "nat_instance",
      "each": "list",
      "provider": "provider.aws",
      "instances": []
    },
    {
      "module": "module.subnets",
      "mode": "data",
      "type": "aws_availability_zones",
      "name": "available",
      "provider": "provider.aws",
      "instances": [
        {
          "schema_version": 0,
          "attributes": {
            "blacklisted_names": null,
            "blacklisted_zone_ids": null,
            "id": "2020-03-08 07:49:07.303848 +0000 UTC",
            "names": [
              "us-east-2a",
              "us-east-2b",
              "us-east-2c"
            ],
            "state": null,
            "zone_ids": [
              "use2-az1",
              "use2-az2",
              "use2-az3"
            ]
          }
        }
      ]
    },
    {
      "module": "module.eks_workers",
      "mode": "data",
      "type": "aws_iam_instance_profile",
      "name": "default",
      "each": "list",
      "provider": "provider.aws",
      "instances": []
    },
    {
      "module": "module.eks_workers",
      "mode": "data",
      "type": "aws_iam_policy_document",
      "name": "assume_role",
      "each": "list",
      "provider": "provider.aws",
      "instances": [
        {
          "index_key": 0,
          "schema_version": 0,
          "attributes": {
            "id": "1903849331",
            "json": "{\n  \"Version\": \"2012-10-17\",\n  \"Statement\": [\n    {\n      \"Sid\": \"\",\n      \"Effect\": \"Allow\",\n      \"Action\": \"sts:AssumeRole\",\n      \"Principal\": {\n        \"Service\": \"ec2.amazonaws.com\"\n      }\n    }\n  ]\n}",
            "override_json": null,
            "policy_id": null,
            "source_json": null,
            "statement": [
              {
                "actions": [
                  "sts:AssumeRole"
                ],
                "condition": [],
                "effect": "Allow",
                "not_actions": [],
                "not_principals": [],
                "not_resources": [],
                "principals": [
                  {
                    "identifiers": [
                      "ec2.amazonaws.com"
                    ],
                    "type": "Service"
                  }
                ],
                "resources": [],
                "sid": ""
              }
            ],
            "version": "2012-10-17"
          }
        }
      ]
    },
    {
      "module": "module.eks_cluster",
      "mode": "data",
      "type": "aws_iam_policy_document",
      "name": "assume_role",
      "each": "list",
      "provider": "provider.aws",
      "instances": [
        {
          "index_key": 0,
          "schema_version": 0,
          "attributes": {
            "id": "189502314",
            "json": "{\n  \"Version\": \"2012-10-17\",\n  \"Statement\": [\n    {\n      \"Sid\": \"\",\n      \"Effect\": \"Allow\",\n      \"Action\": \"sts:AssumeRole\",\n      \"Principal\": {\n        \"Service\": \"eks.amazonaws.com\"\n      }\n    }\n  ]\n}",
            "override_json": null,
            "policy_id": null,
            "source_json": null,
            "statement": [
              {
                "actions": [
                  "sts:AssumeRole"
                ],
                "condition": [],
                "effect": "Allow",
                "not_actions": [],
                "not_principals": [],
                "not_resources": [],
                "principals": [
                  {
                    "identifiers": [
                      "eks.amazonaws.com"
                    ],
                    "type": "Service"
                  }
                ],
                "resources": [],
                "sid": ""
              }
            ],
            "version": "2012-10-17"
          }
        }
      ]
    },
    {
      "module": "module.subnets",
      "mode": "data",
      "type": "aws_vpc",
      "name": "default",
      "provider": "provider.aws",
      "instances": [
        {
          "schema_version": 0,
          "attributes": {
            "arn": "arn:aws:ec2:us-east-2:000654207548:vpc/vpc-06902ce8bcc08807c",
            "cidr_block": "172.16.0.0/16",
            "cidr_block_associations": [
              {
                "association_id": "vpc-cidr-assoc-03ff91e5aaa63cd5d",
                "cidr_block": "172.16.0.0/16",
                "state": "associated"
              }
            ],
            "default": false,
            "dhcp_options_id": "dopt-c12ffba8",
            "enable_dns_hostnames": true,
            "enable_dns_support": true,
            "filter": null,
            "id": "vpc-06902ce8bcc08807c",
            "instance_tenancy": "default",
            "ipv6_association_id": "vpc-cidr-assoc-0caf33d2d14ad4b46",
            "ipv6_cidr_block": "2600:1f16:350:1d00::/56",
            "main_route_table_id": "rtb-0369e2719025375a5",
            "owner_id": "000654207548",
            "state": "available",
            "tags": {
              "Attributes": "cluster",
              "Name": "sagemaker-kubeflow-test-eks-kfsgm-cluster-cluster",
              "Namespace": "sagemaker-kubeflow",
              "Stage": "test",
              "kubernetes.io/cluster/sagemaker-kubeflow-test-eks-kfsgm-cluster-cluster": "shared"
            }
          }
        }
      ]
    },
    {
      "module": "module.eks_cluster",
      "mode": "data",
      "type": "template_file",
      "name": "configmap_auth",
      "each": "list",
      "provider": "provider.template",
      "instances": [
        {
          "index_key": 0,
          "schema_version": 0,
          "attributes": {
            "filename": null,
            "id": "231e162dde1726025561aaac1f7b39ec07938c7d549cd8a140c34de12ed2e04e",
            "rendered": "apiVersion: v1\nkind: ConfigMap\nmetadata:\n  name: aws-auth\n  namespace: kube-system\ndata:\n  mapRoles: |\n    - \"groups\":\n      - \"system:bootstrappers\"\n      - \"system:nodes\"\n      \"rolearn\": \"arn:aws:iam::000654207548:role/sagemaker-kubeflow-test-eks-kfsgm-cluster-workers\"\n      \"username\": \"system:node:{{EC2PrivateDNSName}}\"\n\n\n",
            "template": "apiVersion: v1\nkind: ConfigMap\nmetadata:\n  name: aws-auth\n  namespace: kube-system\ndata:\n  mapRoles: |\n    ${indent(4, map_worker_roles_yaml)}\n%{if map_additional_iam_roles_yaml != \"[]\" }\n    ${indent(4, map_additional_iam_roles_yaml)}\n%{ endif }\n%{if map_additional_iam_users_yaml != \"[]\" }\n  mapUsers: |\n    ${indent(4, map_additional_iam_users_yaml)}\n%{ endif }\n%{if map_additional_aws_accounts_yaml != \"[]\" }\n  mapAccounts: |\n    ${indent(4, map_additional_aws_accounts_yaml)}\n%{ endif }",
            "vars": {
              "map_additional_aws_accounts_yaml": "[]",
              "map_additional_iam_roles_yaml": "[]",
              "map_additional_iam_users_yaml": "[]",
              "map_worker_roles_yaml": "- \"groups\":\n  - \"system:bootstrappers\"\n  - \"system:nodes\"\n  \"rolearn\": \"arn:aws:iam::000654207548:role/sagemaker-kubeflow-test-eks-kfsgm-cluster-workers\"\n  \"username\": \"system:node:{{EC2PrivateDNSName}}\""
            }
          }
        }
      ]
    },
    {
      "module": "module.eks_workers",
      "mode": "data",
      "type": "template_file",
      "name": "userdata",
      "each": "list",
      "provider": "provider.template",
      "instances": [
        {
          "index_key": 0,
          "schema_version": 0,
          "attributes": {
            "filename": null,
            "id": "76e5421c89aecb9614dcb279a2b45c6672eeda852c81e329f5a04d2bfe937e4e",
            "rendered": "#!/bin/bash\n\n# userdata for EKS worker nodes to properly configure Kubernetes applications on EC2 instances\n# https://docs.aws.amazon.com/eks/latest/userguide/launch-workers.html\n# https://aws.amazon.com/blogs/opensource/improvements-eks-worker-node-provisioning/\n# https://github.com/awslabs/amazon-eks-ami/blob/master/files/bootstrap.sh#L97\n\n\n\nexport KUBELET_EXTRA_ARGS=\n\n/etc/eks/bootstrap.sh --apiserver-endpoint 'https://BC11B3572791200BDFC258164CC8C804.gr7.us-east-2.eks.amazonaws.com' --b64-cluster-ca 'LS0tLS1CRUdJTiBDRVJUSUZJQ0FURS0tLS0tCk1JSUN5RENDQWJDZ0F3SUJBZ0lCQURBTkJna3Foa2lHOXcwQkFRc0ZBREFWTVJNd0VRWURWUVFERXdwcmRXSmwKY201bGRHVnpNQjRYRFRJd01ETXdPREEzTlRZek1Gb1hEVE13TURNd05qQTNOVFl6TUZvd0ZURVRNQkVHQTFVRQpBeE1LYTNWaVpYSnVaWFJsY3pDQ0FTSXdEUVlKS29aSWh2Y05BUUVCQlFBRGdnRVBBRENDQVFvQ2dnRUJBTko1CnQ0c05HVjR3R0ovVzNybmU3RDI3WW9EVHJnZDYvZWk3WVZ3ek9hdlJuT0NzN0hFQW9IVG9WeVR6ZndBbnB5U3gKKytOKzY3bXFmMHZYbmNXdXgzVzJSSFZiL0tqb3RqZ0lVZVdSS0g0Q1JNTlVTVFFjTy9uckIwek1LbWNQckh3NAphL1pUNHpEQUEyOEsxL3hmakExakJUK25TSEpZUE5HNUV4SjB0YmRrc2xPa2RjKytUdVlrb1VIY2lCcGF1ZkwzCkZvbkhDR2lWZ3hON2NMUGg4dXFFbmExTVhzYm5YNXFBMlI2dkxVK0JBVHN4S0syeVpiSWlXa2JabXhRZU9NRVoKdUM2azVNcytkem1teXpvL0RCR05venNtbUZHS0NqS0FlRlFoamtpMnorV09kamJ1QTBTM1lFTjV1UlN5eHQ0dApxMFp2YTRFTkhsNHlrV3BwOEE4Q0F3RUFBYU1qTUNFd0RnWURWUjBQQVFIL0JBUURBZ0trTUE4R0ExVWRFd0VCCi93UUZNQU1CQWY4d0RRWUpLb1pJaHZjTkFRRUxCUUFEZ2dFQkFBUUV2S0xvaXZ6V1FDcG5aLzhzeDBHb2FIRkkKb0IySEhXSFpZVWJOZlhqemE5RGIvSjZOUWlya21TU202U2tCODB3TTVqdTdYN0x5d2VLb2ZWZDN4Mk1DK0MyRApjS1ZsTWNzUzdrZDJzUTFlNFRwTjBvM2lvNXVvbzAwMmhTL3dqWENmejFxckdXRVlXc0QxRFNiSmZGNDRCcklSCkhqQkZHNnhaaDJ4dDZrV0VmbHRwSkVEVFVsRVAwdU9yazZvZHl6NkhRdEtERS9FdkFkOTd5ektKQnphd2VzTjgKeHV6ZFU2VlJ4eU5JeS9hdUNydEJ3Z3QwYkFRLzhVdVZCRS90Rlp5a3FraXJBZGk0WkR2aTk2Skh2QW5NWmkxRgpndHZ5YU4wWTRJVjlJTFFTL2VkSFcwZUhidmRRUUs5Um5TUGs3YVlIRHBSYndnS2dJZGJuWXo1ZmpxQT0KLS0tLS1FTkQgQ0VSVElGSUNBVEUtLS0tLQo=' 'sagemaker-kubeflow-test-eks-kfsgm-cluster-cluster'\n\n",
            "template": "#!/bin/bash\n\n# userdata for EKS worker nodes to properly configure Kubernetes applications on EC2 instances\n# https://docs.aws.amazon.com/eks/latest/userguide/launch-workers.html\n# https://aws.amazon.com/blogs/opensource/improvements-eks-worker-node-provisioning/\n# https://github.com/awslabs/amazon-eks-ami/blob/master/files/bootstrap.sh#L97\n\n${before_cluster_joining_userdata}\n\nexport KUBELET_EXTRA_ARGS=${bootstrap_extra_args}\n\n/etc/eks/bootstrap.sh --apiserver-endpoint '${cluster_endpoint}' --b64-cluster-ca '${certificate_authority_data}' '${cluster_name}'\n\n${after_cluster_joining_userdata}",
            "vars": {
              "after_cluster_joining_userdata": "",
              "before_cluster_joining_userdata": "",
              "bootstrap_extra_args": "",
              "certificate_authority_data": "LS0tLS1CRUdJTiBDRVJUSUZJQ0FURS0tLS0tCk1JSUN5RENDQWJDZ0F3SUJBZ0lCQURBTkJna3Foa2lHOXcwQkFRc0ZBREFWTVJNd0VRWURWUVFERXdwcmRXSmwKY201bGRHVnpNQjRYRFRJd01ETXdPREEzTlRZek1Gb1hEVE13TURNd05qQTNOVFl6TUZvd0ZURVRNQkVHQTFVRQpBeE1LYTNWaVpYSnVaWFJsY3pDQ0FTSXdEUVlKS29aSWh2Y05BUUVCQlFBRGdnRVBBRENDQVFvQ2dnRUJBTko1CnQ0c05HVjR3R0ovVzNybmU3RDI3WW9EVHJnZDYvZWk3WVZ3ek9hdlJuT0NzN0hFQW9IVG9WeVR6ZndBbnB5U3gKKytOKzY3bXFmMHZYbmNXdXgzVzJSSFZiL0tqb3RqZ0lVZVdSS0g0Q1JNTlVTVFFjTy9uckIwek1LbWNQckh3NAphL1pUNHpEQUEyOEsxL3hmakExakJUK25TSEpZUE5HNUV4SjB0YmRrc2xPa2RjKytUdVlrb1VIY2lCcGF1ZkwzCkZvbkhDR2lWZ3hON2NMUGg4dXFFbmExTVhzYm5YNXFBMlI2dkxVK0JBVHN4S0syeVpiSWlXa2JabXhRZU9NRVoKdUM2azVNcytkem1teXpvL0RCR05venNtbUZHS0NqS0FlRlFoamtpMnorV09kamJ1QTBTM1lFTjV1UlN5eHQ0dApxMFp2YTRFTkhsNHlrV3BwOEE4Q0F3RUFBYU1qTUNFd0RnWURWUjBQQVFIL0JBUURBZ0trTUE4R0ExVWRFd0VCCi93UUZNQU1CQWY4d0RRWUpLb1pJaHZjTkFRRUxCUUFEZ2dFQkFBUUV2S0xvaXZ6V1FDcG5aLzhzeDBHb2FIRkkKb0IySEhXSFpZVWJOZlhqemE5RGIvSjZOUWlya21TU202U2tCODB3TTVqdTdYN0x5d2VLb2ZWZDN4Mk1DK0MyRApjS1ZsTWNzUzdrZDJzUTFlNFRwTjBvM2lvNXVvbzAwMmhTL3dqWENmejFxckdXRVlXc0QxRFNiSmZGNDRCcklSCkhqQkZHNnhaaDJ4dDZrV0VmbHRwSkVEVFVsRVAwdU9yazZvZHl6NkhRdEtERS9FdkFkOTd5ektKQnphd2VzTjgKeHV6ZFU2VlJ4eU5JeS9hdUNydEJ3Z3QwYkFRLzhVdVZCRS90Rlp5a3FraXJBZGk0WkR2aTk2Skh2QW5NWmkxRgpndHZ5YU4wWTRJVjlJTFFTL2VkSFcwZUhidmRRUUs5Um5TUGs3YVlIRHBSYndnS2dJZGJuWXo1ZmpxQT0KLS0tLS1FTkQgQ0VSVElGSUNBVEUtLS0tLQo=",
              "cluster_endpoint": "https://BC11B3572791200BDFC258164CC8C804.gr7.us-east-2.eks.amazonaws.com",
              "cluster_name": "sagemaker-kubeflow-test-eks-kfsgm-cluster-cluster"
            }
          }
        }
      ]
    },
    {
      "module": "module.eks_workers.module.autoscale_group",
      "mode": "managed",
      "type": "aws_autoscaling_group",
      "name": "default",
      "each": "list",
      "provider": "provider.aws",
      "instances": [
        {
          "index_key": 0,
          "schema_version": 0,
          "attributes": {
            "arn": "arn:aws:autoscaling:us-east-2:000654207548:autoScalingGroup:0729e129-7a87-4128-85ed-6aaf47880087:autoScalingGroupName/sagemaker-kubeflow-test-eks-kfsgm-cluster-20200308075859027000000008",
            "availability_zones": [
              "us-east-2a",
              "us-east-2b"
            ],
            "default_cooldown": 300,
            "desired_capacity": 2,
            "enabled_metrics": [
              "GroupDesiredCapacity",
              "GroupInServiceInstances",
              "GroupMaxSize",
              "GroupMinSize",
              "GroupPendingInstances",
              "GroupStandbyInstances",
              "GroupTerminatingInstances",
              "GroupTotalInstances"
            ],
            "force_delete": false,
            "health_check_grace_period": 300,
            "health_check_type": "EC2",
            "id": "sagemaker-kubeflow-test-eks-kfsgm-cluster-20200308075859027000000008",
            "initial_lifecycle_hook": [],
            "launch_configuration": "",
            "launch_template": [
              {
                "id": "lt-0fdaba33645a114ea",
                "name": "sagemaker-kubeflow-test-eks-kfsgm-cluster-20200308075858042600000006",
                "version": "$Latest"
              }
            ],
            "load_balancers": [],
            "max_instance_lifetime": 0,
            "max_size": 3,
            "metrics_granularity": "1Minute",
            "min_elb_capacity": 0,
            "min_size": 2,
            "mixed_instances_policy": [],
            "name": "sagemaker-kubeflow-test-eks-kfsgm-cluster-20200308075859027000000008",
            "name_prefix": "sagemaker-kubeflow-test-eks-kfsgm-cluster-",
            "placement_group": "",
            "protect_from_scale_in": false,
            "service_linked_role_arn": "arn:aws:iam::000654207548:role/aws-service-role/autoscaling.amazonaws.com/AWSServiceRoleForAutoScaling",
            "suspended_processes": null,
            "tag": [],
            "tags": [
              {
                "key": "Attributes",
                "propagate_at_launch": "true",
                "value": "workers"
              },
              {
                "key": "Name",
                "propagate_at_launch": "true",
                "value": "sagemaker-kubeflow-test-eks-kfsgm-cluster-workers"
              },
              {
                "key": "Namespace",
                "propagate_at_launch": "true",
                "value": "sagemaker-kubeflow"
              },
              {
                "key": "Stage",
                "propagate_at_launch": "true",
                "value": "test"
              },
              {
                "key": "kubernetes.io/cluster/sagemaker-kubeflow-test-eks-kfsgm-cluster-cluster",
                "propagate_at_launch": "true",
                "value": "owned"
              }
            ],
            "target_group_arns": [],
            "termination_policies": [
              "Default"
            ],
            "timeouts": null,
            "vpc_zone_identifier": [
              "subnet-06c6372f2a054ab55",
              "subnet-0c1e5921a119a946b"
            ],
            "wait_for_capacity_timeout": "10m",
            "wait_for_elb_capacity": 0
          },
          "private": "eyJlMmJmYjczMC1lY2FhLTExZTYtOGY4OC0zNDM2M2JjN2M0YzAiOnsiZGVsZXRlIjo2MDAwMDAwMDAwMDB9fQ==",
          "dependencies": [
            "module.eks_cluster.aws_cloudwatch_log_group.default",
            "module.eks_cluster.aws_eks_cluster.default",
            "module.eks_cluster.aws_iam_role.default",
            "module.eks_cluster.aws_iam_role_policy_attachment.amazon_eks_cluster_policy",
            "module.eks_cluster.aws_iam_role_policy_attachment.amazon_eks_service_policy",
            "module.eks_cluster.aws_security_group.default",
            "module.eks_workers.aws_iam_instance_profile.default",
            "module.eks_workers.aws_iam_role.default",
            "module.eks_workers.aws_security_group.default",
            "module.eks_workers.module.autoscale_group.aws_launch_template.default",
            "module.subnets.aws_subnet.public",
            "module.vpc.aws_vpc.default"
          ]
        }
      ]
    },
    {
      "module": "module.eks_workers.module.autoscale_group",
      "mode": "managed",
      "type": "aws_autoscaling_policy",
      "name": "scale_down",
      "each": "list",
      "provider": "provider.aws",
      "instances": [
        {
          "index_key": 0,
          "schema_version": 0,
          "attributes": {
            "adjustment_type": "ChangeInCapacity",
            "arn": "arn:aws:autoscaling:us-east-2:000654207548:scalingPolicy:ab76efd5-02dc-4f56-84ed-0ff855cada1a:autoScalingGroupName/sagemaker-kubeflow-test-eks-kfsgm-cluster-20200308075859027000000008:policyName/sagemaker-kubeflow-test-eks-kfsgm-cluster-scale-down",
            "autoscaling_group_name": "sagemaker-kubeflow-test-eks-kfsgm-cluster-20200308075859027000000008",
            "cooldown": 300,
            "estimated_instance_warmup": 0,
            "id": "sagemaker-kubeflow-test-eks-kfsgm-cluster-scale-down",
            "metric_aggregation_type": "",
            "min_adjustment_magnitude": null,
            "min_adjustment_step": null,
            "name": "sagemaker-kubeflow-test-eks-kfsgm-cluster-scale-down",
            "policy_type": "SimpleScaling",
            "scaling_adjustment": -1,
            "step_adjustment": [],
            "target_tracking_configuration": []
          },
          "private": "bnVsbA==",
          "dependencies": [
            "module.eks_cluster.aws_cloudwatch_log_group.default",
            "module.eks_cluster.aws_eks_cluster.default",
            "module.eks_cluster.aws_iam_role.default",
            "module.eks_cluster.aws_iam_role_policy_attachment.amazon_eks_cluster_policy",
            "module.eks_cluster.aws_iam_role_policy_attachment.amazon_eks_service_policy",
            "module.eks_cluster.aws_security_group.default",
            "module.eks_workers.aws_iam_instance_profile.default",
            "module.eks_workers.aws_iam_role.default",
            "module.eks_workers.aws_security_group.default",
            "module.eks_workers.module.autoscale_group.aws_autoscaling_group.default",
            "module.eks_workers.module.autoscale_group.aws_launch_template.default",
            "module.subnets.aws_subnet.public",
            "module.vpc.aws_vpc.default"
          ]
        }
      ]
    },
    {
      "module": "module.eks_workers.module.autoscale_group",
      "mode": "managed",
      "type": "aws_autoscaling_policy",
      "name": "scale_up",
      "each": "list",
      "provider": "provider.aws",
      "instances": [
        {
          "index_key": 0,
          "schema_version": 0,
          "attributes": {
            "adjustment_type": "ChangeInCapacity",
            "arn": "arn:aws:autoscaling:us-east-2:000654207548:scalingPolicy:813b8d34-2bab-4595-92de-c9889794aee8:autoScalingGroupName/sagemaker-kubeflow-test-eks-kfsgm-cluster-20200308075859027000000008:policyName/sagemaker-kubeflow-test-eks-kfsgm-cluster-scale-up",
            "autoscaling_group_name": "sagemaker-kubeflow-test-eks-kfsgm-cluster-20200308075859027000000008",
            "cooldown": 300,
            "estimated_instance_warmup": 0,
            "id": "sagemaker-kubeflow-test-eks-kfsgm-cluster-scale-up",
            "metric_aggregation_type": "",
            "min_adjustment_magnitude": null,
            "min_adjustment_step": null,
            "name": "sagemaker-kubeflow-test-eks-kfsgm-cluster-scale-up",
            "policy_type": "SimpleScaling",
            "scaling_adjustment": 1,
            "step_adjustment": [],
            "target_tracking_configuration": []
          },
          "private": "bnVsbA==",
          "dependencies": [
            "module.eks_cluster.aws_cloudwatch_log_group.default",
            "module.eks_cluster.aws_eks_cluster.default",
            "module.eks_cluster.aws_iam_role.default",
            "module.eks_cluster.aws_iam_role_policy_attachment.amazon_eks_cluster_policy",
            "module.eks_cluster.aws_iam_role_policy_attachment.amazon_eks_service_policy",
            "module.eks_cluster.aws_security_group.default",
            "module.eks_workers.aws_iam_instance_profile.default",
            "module.eks_workers.aws_iam_role.default",
            "module.eks_workers.aws_security_group.default",
            "module.eks_workers.module.autoscale_group.aws_autoscaling_group.default",
            "module.eks_workers.module.autoscale_group.aws_launch_template.default",
            "module.subnets.aws_subnet.public",
            "module.vpc.aws_vpc.default"
          ]
        }
      ]
    },
    {
      "module": "module.eks_cluster",
      "mode": "managed",
      "type": "aws_cloudwatch_log_group",
      "name": "default",
      "each": "list",
      "provider": "provider.aws",
      "instances": [
        {
          "index_key": 0,
          "schema_version": 0,
          "attributes": {
            "arn": "arn:aws:logs:us-east-2:000654207548:log-group:/aws/eks/eks-kfsgm-cluster/cluster:*",
            "id": "/aws/eks/eks-kfsgm-cluster/cluster",
            "kms_key_id": "",
            "name": "/aws/eks/eks-kfsgm-cluster/cluster",
            "name_prefix": null,
            "retention_in_days": 7,
            "tags": null
          },
          "private": "bnVsbA=="
        }
      ]
    },
    {
      "module": "module.eks_workers.module.autoscale_group",
      "mode": "managed",
      "type": "aws_cloudwatch_metric_alarm",
      "name": "cpu_high",
      "each": "list",
      "provider": "provider.aws",
      "instances": [
        {
          "index_key": 0,
          "schema_version": 1,
          "attributes": {
            "actions_enabled": true,
            "alarm_actions": [
              "arn:aws:autoscaling:us-east-2:000654207548:scalingPolicy:813b8d34-2bab-4595-92de-c9889794aee8:autoScalingGroupName/sagemaker-kubeflow-test-eks-kfsgm-cluster-20200308075859027000000008:policyName/sagemaker-kubeflow-test-eks-kfsgm-cluster-scale-up"
            ],
            "alarm_description": "Scale up if CPU utilization is above 80 for 300 seconds",
            "alarm_name": "sagemaker-kubeflow-test-eks-kfsgm-cluster-cpu-utilization-high",
            "arn": "arn:aws:cloudwatch:us-east-2:000654207548:alarm:sagemaker-kubeflow-test-eks-kfsgm-cluster-cpu-utilization-high",
            "comparison_operator": "GreaterThanOrEqualToThreshold",
            "datapoints_to_alarm": 0,
            "dimensions": {
              "AutoScalingGroupName": "sagemaker-kubeflow-test-eks-kfsgm-cluster-20200308075859027000000008"
            },
            "evaluate_low_sample_count_percentiles": "",
            "evaluation_periods": 2,
            "extended_statistic": "",
            "id": "sagemaker-kubeflow-test-eks-kfsgm-cluster-cpu-utilization-high",
            "insufficient_data_actions": null,
            "metric_name": "CPUUtilization",
            "metric_query": [],
            "namespace": "AWS/EC2",
            "ok_actions": null,
            "period": 300,
            "statistic": "Average",
            "tags": null,
            "threshold": 80,
            "threshold_metric_id": "",
            "treat_missing_data": "missing",
            "unit": ""
          },
          "private": "eyJzY2hlbWFfdmVyc2lvbiI6IjEifQ==",
          "dependencies": [
            "module.eks_cluster.aws_cloudwatch_log_group.default",
            "module.eks_cluster.aws_eks_cluster.default",
            "module.eks_cluster.aws_iam_role.default",
            "module.eks_cluster.aws_iam_role_policy_attachment.amazon_eks_cluster_policy",
            "module.eks_cluster.aws_iam_role_policy_attachment.amazon_eks_service_policy",
            "module.eks_cluster.aws_security_group.default",
            "module.eks_workers.aws_iam_instance_profile.default",
            "module.eks_workers.aws_iam_role.default",
            "module.eks_workers.aws_security_group.default",
            "module.eks_workers.module.autoscale_group.aws_autoscaling_group.default",
            "module.eks_workers.module.autoscale_group.aws_autoscaling_policy.scale_up",
            "module.eks_workers.module.autoscale_group.aws_launch_template.default",
            "module.subnets.aws_subnet.public",
            "module.vpc.aws_vpc.default"
          ]
        }
      ]
    },
    {
      "module": "module.eks_workers.module.autoscale_group",
      "mode": "managed",
      "type": "aws_cloudwatch_metric_alarm",
      "name": "cpu_low",
      "each": "list",
      "provider": "provider.aws",
      "instances": [
        {
          "index_key": 0,
          "schema_version": 1,
          "attributes": {
            "actions_enabled": true,
            "alarm_actions": [
              "arn:aws:autoscaling:us-east-2:000654207548:scalingPolicy:ab76efd5-02dc-4f56-84ed-0ff855cada1a:autoScalingGroupName/sagemaker-kubeflow-test-eks-kfsgm-cluster-20200308075859027000000008:policyName/sagemaker-kubeflow-test-eks-kfsgm-cluster-scale-down"
            ],
            "alarm_description": "Scale down if the CPU utilization is below 20 for 300 seconds",
            "alarm_name": "sagemaker-kubeflow-test-eks-kfsgm-cluster-cpu-utilization-low",
            "arn": "arn:aws:cloudwatch:us-east-2:000654207548:alarm:sagemaker-kubeflow-test-eks-kfsgm-cluster-cpu-utilization-low",
            "comparison_operator": "LessThanOrEqualToThreshold",
            "datapoints_to_alarm": 0,
            "dimensions": {
              "AutoScalingGroupName": "sagemaker-kubeflow-test-eks-kfsgm-cluster-20200308075859027000000008"
            },
            "evaluate_low_sample_count_percentiles": "",
            "evaluation_periods": 2,
            "extended_statistic": "",
            "id": "sagemaker-kubeflow-test-eks-kfsgm-cluster-cpu-utilization-low",
            "insufficient_data_actions": null,
            "metric_name": "CPUUtilization",
            "metric_query": [],
            "namespace": "AWS/EC2",
            "ok_actions": null,
            "period": 300,
            "statistic": "Average",
            "tags": null,
            "threshold": 20,
            "threshold_metric_id": "",
            "treat_missing_data": "missing",
            "unit": ""
          },
          "private": "eyJzY2hlbWFfdmVyc2lvbiI6IjEifQ==",
          "dependencies": [
            "module.eks_cluster.aws_cloudwatch_log_group.default",
            "module.eks_cluster.aws_eks_cluster.default",
            "module.eks_cluster.aws_iam_role.default",
            "module.eks_cluster.aws_iam_role_policy_attachment.amazon_eks_cluster_policy",
            "module.eks_cluster.aws_iam_role_policy_attachment.amazon_eks_service_policy",
            "module.eks_cluster.aws_security_group.default",
            "module.eks_workers.aws_iam_instance_profile.default",
            "module.eks_workers.aws_iam_role.default",
            "module.eks_workers.aws_security_group.default",
            "module.eks_workers.module.autoscale_group.aws_autoscaling_group.default",
            "module.eks_workers.module.autoscale_group.aws_autoscaling_policy.scale_down",
            "module.eks_workers.module.autoscale_group.aws_launch_template.default",
            "module.subnets.aws_subnet.public",
            "module.vpc.aws_vpc.default"
          ]
        }
      ]
    },
    {
      "module": "module.vpc",
      "mode": "managed",
      "type": "aws_default_security_group",
      "name": "default",
      "each": "list",
      "provider": "provider.aws",
      "instances": [
        {
          "index_key": 0,
          "schema_version": 1,
          "attributes": {
            "arn": "arn:aws:ec2:us-east-2:000654207548:security-group/sg-0144b096ca9b2da2f",
            "description": "default VPC security group",
            "egress": [],
            "id": "sg-0144b096ca9b2da2f",
            "ingress": [],
            "name": "default",
            "owner_id": "000654207548",
            "revoke_rules_on_delete": false,
            "tags": {
              "Name": "Default Security Group"
            },
            "timeouts": null,
            "vpc_id": "vpc-06902ce8bcc08807c"
          },
          "private": "eyJlMmJmYjczMC1lY2FhLTExZTYtOGY4OC0zNDM2M2JjN2M0YzAiOnsiY3JlYXRlIjo2MDAwMDAwMDAwMDAsImRlbGV0ZSI6NjAwMDAwMDAwMDAwfSwic2NoZW1hX3ZlcnNpb24iOiIxIn0=",
          "dependencies": [
            "module.vpc.aws_vpc.default"
          ]
        }
      ]
    },
    {
      "module": "module.subnets",
      "mode": "managed",
      "type": "aws_eip",
      "name": "default",
      "each": "list",
      "provider": "provider.aws",
      "instances": []
    },
    {
      "module": "module.subnets",
      "mode": "managed",
      "type": "aws_eip",
      "name": "nat_instance",
      "each": "list",
      "provider": "provider.aws",
      "instances": []
    },
    {
      "module": "module.subnets",
      "mode": "managed",
      "type": "aws_eip_association",
      "name": "nat_instance",
      "each": "list",
      "provider": "provider.aws",
      "instances": []
    },
    {
      "module": "module.eks_cluster",
      "mode": "managed",
      "type": "aws_eks_cluster",
      "name": "default",
      "each": "list",
      "provider": "provider.aws",
      "instances": [
        {
          "index_key": 0,
          "schema_version": 0,
          "attributes": {
            "arn": "arn:aws:eks:us-east-2:000654207548:cluster/eks-kfsgm-cluster",
            "certificate_authority": [
              {
                "data": "LS0tLS1CRUdJTiBDRVJUSUZJQ0FURS0tLS0tCk1JSUN5RENDQWJDZ0F3SUJBZ0lCQURBTkJna3Foa2lHOXcwQkFRc0ZBREFWTVJNd0VRWURWUVFERXdwcmRXSmwKY201bGRHVnpNQjRYRFRJd01ETXdPREEzTlRZek1Gb1hEVE13TURNd05qQTNOVFl6TUZvd0ZURVRNQkVHQTFVRQpBeE1LYTNWaVpYSnVaWFJsY3pDQ0FTSXdEUVlKS29aSWh2Y05BUUVCQlFBRGdnRVBBRENDQVFvQ2dnRUJBTko1CnQ0c05HVjR3R0ovVzNybmU3RDI3WW9EVHJnZDYvZWk3WVZ3ek9hdlJuT0NzN0hFQW9IVG9WeVR6ZndBbnB5U3gKKytOKzY3bXFmMHZYbmNXdXgzVzJSSFZiL0tqb3RqZ0lVZVdSS0g0Q1JNTlVTVFFjTy9uckIwek1LbWNQckh3NAphL1pUNHpEQUEyOEsxL3hmakExakJUK25TSEpZUE5HNUV4SjB0YmRrc2xPa2RjKytUdVlrb1VIY2lCcGF1ZkwzCkZvbkhDR2lWZ3hON2NMUGg4dXFFbmExTVhzYm5YNXFBMlI2dkxVK0JBVHN4S0syeVpiSWlXa2JabXhRZU9NRVoKdUM2azVNcytkem1teXpvL0RCR05venNtbUZHS0NqS0FlRlFoamtpMnorV09kamJ1QTBTM1lFTjV1UlN5eHQ0dApxMFp2YTRFTkhsNHlrV3BwOEE4Q0F3RUFBYU1qTUNFd0RnWURWUjBQQVFIL0JBUURBZ0trTUE4R0ExVWRFd0VCCi93UUZNQU1CQWY4d0RRWUpLb1pJaHZjTkFRRUxCUUFEZ2dFQkFBUUV2S0xvaXZ6V1FDcG5aLzhzeDBHb2FIRkkKb0IySEhXSFpZVWJOZlhqemE5RGIvSjZOUWlya21TU202U2tCODB3TTVqdTdYN0x5d2VLb2ZWZDN4Mk1DK0MyRApjS1ZsTWNzUzdrZDJzUTFlNFRwTjBvM2lvNXVvbzAwMmhTL3dqWENmejFxckdXRVlXc0QxRFNiSmZGNDRCcklSCkhqQkZHNnhaaDJ4dDZrV0VmbHRwSkVEVFVsRVAwdU9yazZvZHl6NkhRdEtERS9FdkFkOTd5ektKQnphd2VzTjgKeHV6ZFU2VlJ4eU5JeS9hdUNydEJ3Z3QwYkFRLzhVdVZCRS90Rlp5a3FraXJBZGk0WkR2aTk2Skh2QW5NWmkxRgpndHZ5YU4wWTRJVjlJTFFTL2VkSFcwZUhidmRRUUs5Um5TUGs3YVlIRHBSYndnS2dJZGJuWXo1ZmpxQT0KLS0tLS1FTkQgQ0VSVElGSUNBVEUtLS0tLQo="
              }
            ],
            "created_at": "2020-03-08 07:49:24 +0000 UTC",
            "enabled_cluster_log_types": [
              "audit"
            ],
            "endpoint": "https://BC11B3572791200BDFC258164CC8C804.gr7.us-east-2.eks.amazonaws.com",
            "id": "eks-kfsgm-cluster",
            "identity": [
              {
                "oidc": [
                  {
                    "issuer": "https://oidc.eks.us-east-2.amazonaws.com/id/BC11B3572791200BDFC258164CC8C804"
                  }
                ]
              }
            ],
            "name": "eks-kfsgm-cluster",
            "platform_version": "eks.9",
            "role_arn": "arn:aws:iam::000654207548:role/AWSIAM-eks-kfsgm-cluster",
            "status": "ACTIVE",
            "tags": null,
            "timeouts": null,
            "version": "1.14",
            "vpc_config": [
              {
                "cluster_security_group_id": "sg-0075ec647162d3d69",
                "endpoint_private_access": false,
                "endpoint_public_access": true,
                "public_access_cidrs": [
                  "0.0.0.0/0"
                ],
                "security_group_ids": [
                  "sg-06af2dc76d4236aae"
                ],
                "subnet_ids": [
                  "subnet-06c6372f2a054ab55",
                  "subnet-0c1e5921a119a946b"
                ],
                "vpc_id": "vpc-06902ce8bcc08807c"
              }
            ]
          },
          "private": "eyJlMmJmYjczMC1lY2FhLTExZTYtOGY4OC0zNDM2M2JjN2M0YzAiOnsiY3JlYXRlIjoxODAwMDAwMDAwMDAwLCJkZWxldGUiOjkwMDAwMDAwMDAwMCwidXBkYXRlIjozNjAwMDAwMDAwMDAwfX0=",
          "dependencies": [
            "module.eks_cluster.aws_cloudwatch_log_group.default",
            "module.eks_cluster.aws_iam_role.default",
            "module.eks_cluster.aws_iam_role_policy_attachment.amazon_eks_cluster_policy",
            "module.eks_cluster.aws_iam_role_policy_attachment.amazon_eks_service_policy",
            "module.eks_cluster.aws_security_group.default",
            "module.subnets.aws_subnet.public",
            "module.vpc.aws_vpc.default"
          ]
        }
      ]
    },
    {
      "module": "module.eks_workers",
      "mode": "managed",
      "type": "aws_iam_instance_profile",
      "name": "default",
      "each": "list",
      "provider": "provider.aws",
      "instances": [
        {
          "index_key": 0,
          "schema_version": 0,
          "attributes": {
            "arn": "arn:aws:iam::000654207548:instance-profile/sagemaker-kubeflow-test-eks-kfsgm-cluster-workers",
            "create_date": "2020-03-08T07:49:15Z",
            "id": "sagemaker-kubeflow-test-eks-kfsgm-cluster-workers",
            "name": "sagemaker-kubeflow-test-eks-kfsgm-cluster-workers",
            "name_prefix": null,
            "path": "/",
            "role": "sagemaker-kubeflow-test-eks-kfsgm-cluster-workers",
            "roles": [],
            "unique_id": "AIPAQAJX6NI6DZGZRTQGH"
          },
          "private": "bnVsbA==",
          "dependencies": [
            "module.eks_workers.aws_iam_role.default"
          ]
        }
      ]
    },
    {
      "module": "module.eks_cluster",
      "mode": "managed",
      "type": "aws_iam_openid_connect_provider",
      "name": "default",
      "each": "list",
      "provider": "provider.aws",
      "instances": [
        {
          "index_key": 0,
          "schema_version": 0,
          "attributes": {
            "arn": "arn:aws:iam::000654207548:oidc-provider/oidc.eks.us-east-2.amazonaws.com/id/BC11B3572791200BDFC258164CC8C804",
            "client_id_list": [
              "sts.amazonaws.com"
            ],
            "id": "arn:aws:iam::000654207548:oidc-provider/oidc.eks.us-east-2.amazonaws.com/id/BC11B3572791200BDFC258164CC8C804",
            "thumbprint_list": [
              "9e99a48a9960b14926bb7f3b02e22da2b0ab7280"
            ],
            "url": "oidc.eks.us-east-2.amazonaws.com/id/BC11B3572791200BDFC258164CC8C804"
          },
          "private": "bnVsbA==",
          "dependencies": [
            "module.eks_cluster.aws_cloudwatch_log_group.default",
            "module.eks_cluster.aws_eks_cluster.default",
            "module.eks_cluster.aws_iam_role.default",
            "module.eks_cluster.aws_iam_role_policy_attachment.amazon_eks_cluster_policy",
            "module.eks_cluster.aws_iam_role_policy_attachment.amazon_eks_service_policy",
            "module.eks_cluster.aws_security_group.default",
            "module.subnets.aws_subnet.public",
            "module.vpc.aws_vpc.default"
          ]
        }
      ]
    },
    {
      "module": "module.eks_workers",
      "mode": "managed",
      "type": "aws_iam_role",
      "name": "default",
      "each": "list",
      "provider": "provider.aws",
      "instances": [
        {
          "index_key": 0,
          "schema_version": 0,
          "attributes": {
            "arn": "arn:aws:iam::000654207548:role/sagemaker-kubeflow-test-eks-kfsgm-cluster-workers",
            "assume_role_policy": "{\"Version\":\"2012-10-17\",\"Statement\":[{\"Sid\":\"\",\"Effect\":\"Allow\",\"Principal\":{\"Service\":\"ec2.amazonaws.com\"},\"Action\":\"sts:AssumeRole\"}]}",
            "create_date": "2020-03-08T07:49:14Z",
            "description": "",
            "force_detach_policies": false,
            "id": "sagemaker-kubeflow-test-eks-kfsgm-cluster-workers",
            "max_session_duration": 3600,
            "name": "sagemaker-kubeflow-test-eks-kfsgm-cluster-workers",
            "name_prefix": null,
            "path": "/",
            "permissions_boundary": null,
            "tags": {
              "Attributes": "workers",
              "Name": "sagemaker-kubeflow-test-eks-kfsgm-cluster-workers",
              "Namespace": "sagemaker-kubeflow",
              "Stage": "test",
              "kubernetes.io/cluster/sagemaker-kubeflow-test-eks-kfsgm-cluster-cluster": "owned"
            },
            "unique_id": "AROAQAJX6NI6DJA4FKC5X"
          },
          "private": "bnVsbA=="
        }
      ]
    },
    {
      "module": "module.eks_cluster",
      "mode": "managed",
      "type": "aws_iam_role",
      "name": "default",
      "each": "list",
      "provider": "provider.aws",
      "instances": [
        {
          "index_key": 0,
          "schema_version": 0,
          "attributes": {
            "arn": "arn:aws:iam::000654207548:role/AWSIAM-eks-kfsgm-cluster",
            "assume_role_policy": "{\"Version\":\"2012-10-17\",\"Statement\":[{\"Sid\":\"\",\"Effect\":\"Allow\",\"Principal\":{\"Service\":\"eks.amazonaws.com\"},\"Action\":\"sts:AssumeRole\"}]}",
            "create_date": "2020-03-08T07:49:14Z",
            "description": "",
            "force_detach_policies": false,
            "id": "AWSIAM-eks-kfsgm-cluster",
            "max_session_duration": 3600,
            "name": "AWSIAM-eks-kfsgm-cluster",
            "name_prefix": null,
            "path": "/",
            "permissions_boundary": null,
            "tags": null,
            "unique_id": "AROAQAJX6NI6IYYK6HHSQ"
          },
          "private": "bnVsbA=="
        }
      ]
    },
    {
      "module": "module.eks_workers",
      "mode": "managed",
      "type": "aws_iam_role_policy_attachment",
      "name": "amazon_ec2_container_registry_read_only",
      "each": "list",
      "provider": "provider.aws",
      "instances": [
        {
          "index_key": 0,
          "schema_version": 0,
          "attributes": {
            "id": "sagemaker-kubeflow-test-eks-kfsgm-cluster-workers-20200308074915023600000003",
            "policy_arn": "arn:aws:iam::aws:policy/AmazonEC2ContainerRegistryReadOnly",
            "role": "sagemaker-kubeflow-test-eks-kfsgm-cluster-workers"
          },
          "private": "bnVsbA==",
          "dependencies": [
            "module.eks_workers.aws_iam_role.default"
          ]
        }
      ]
    },
    {
      "module": "module.eks_cluster",
      "mode": "managed",
      "type": "aws_iam_role_policy_attachment",
      "name": "amazon_eks_cluster_policy",
      "each": "list",
      "provider": "provider.aws",
      "instances": [
        {
          "index_key": 0,
          "schema_version": 0,
          "attributes": {
            "id": "AWSIAM-eks-kfsgm-cluster-20200308074915044200000004",
            "policy_arn": "arn:aws:iam::aws:policy/AmazonEKSClusterPolicy",
            "role": "AWSIAM-eks-kfsgm-cluster"
          },
          "private": "bnVsbA==",
          "dependencies": [
            "module.eks_cluster.aws_iam_role.default"
          ]
        }
      ]
    },
    {
      "module": "module.eks_workers",
      "mode": "managed",
      "type": "aws_iam_role_policy_attachment",
      "name": "amazon_eks_cni_policy",
      "each": "list",
      "provider": "provider.aws",
      "instances": [
        {
          "index_key": 0,
          "schema_version": 0,
          "attributes": {
            "id": "sagemaker-kubeflow-test-eks-kfsgm-cluster-workers-20200308074915009600000002",
            "policy_arn": "arn:aws:iam::aws:policy/AmazonEKS_CNI_Policy",
            "role": "sagemaker-kubeflow-test-eks-kfsgm-cluster-workers"
          },
          "private": "bnVsbA==",
          "dependencies": [
            "module.eks_workers.aws_iam_role.default"
          ]
        }
      ]
    },
    {
      "module": "module.eks_cluster",
      "mode": "managed",
      "type": "aws_iam_role_policy_attachment",
      "name": "amazon_eks_service_policy",
      "each": "list",
      "provider": "provider.aws",
      "instances": [
        {
          "index_key": 0,
          "schema_version": 0,
          "attributes": {
            "id": "AWSIAM-eks-kfsgm-cluster-20200308074915059900000005",
            "policy_arn": "arn:aws:iam::aws:policy/AmazonEKSServicePolicy",
            "role": "AWSIAM-eks-kfsgm-cluster"
          },
          "private": "bnVsbA==",
          "dependencies": [
            "module.eks_cluster.aws_iam_role.default"
          ]
        }
      ]
    },
    {
      "module": "module.eks_workers",
      "mode": "managed",
      "type": "aws_iam_role_policy_attachment",
      "name": "amazon_eks_worker_node_policy",
      "each": "list",
      "provider": "provider.aws",
      "instances": [
        {
          "index_key": 0,
          "schema_version": 0,
          "attributes": {
            "id": "sagemaker-kubeflow-test-eks-kfsgm-cluster-workers-20200308074915008500000001",
            "policy_arn": "arn:aws:iam::aws:policy/AmazonEKSWorkerNodePolicy",
            "role": "sagemaker-kubeflow-test-eks-kfsgm-cluster-workers"
          },
          "private": "bnVsbA==",
          "dependencies": [
            "module.eks_workers.aws_iam_role.default"
          ]
        }
      ]
    },
    {
      "module": "module.eks_workers",
      "mode": "managed",
      "type": "aws_iam_role_policy_attachment",
      "name": "existing_policies_attach_to_eks_workers_role",
      "each": "list",
      "provider": "provider.aws",
      "instances": []
    },
    {
      "module": "module.subnets",
      "mode": "managed",
      "type": "aws_instance",
      "name": "nat_instance",
      "each": "list",
      "provider": "provider.aws",
      "instances": []
    },
    {
      "module": "module.vpc",
      "mode": "managed",
      "type": "aws_internet_gateway",
      "name": "default",
      "provider": "provider.aws",
      "instances": [
        {
          "schema_version": 0,
          "attributes": {
            "id": "igw-0f2f95227a8964888",
            "owner_id": "000654207548",
            "tags": {
              "Attributes": "cluster",
              "Name": "sagemaker-kubeflow-test-eks-kfsgm-cluster-cluster",
              "Namespace": "sagemaker-kubeflow",
              "Stage": "test",
              "kubernetes.io/cluster/sagemaker-kubeflow-test-eks-kfsgm-cluster-cluster": "shared"
            },
            "vpc_id": "vpc-06902ce8bcc08807c"
          },
          "private": "bnVsbA==",
          "dependencies": [
            "module.vpc.aws_vpc.default"
          ]
        }
      ]
    },
    {
      "module": "module.eks_workers.module.autoscale_group",
      "mode": "managed",
      "type": "aws_launch_template",
      "name": "default",
      "each": "list",
      "provider": "provider.aws",
      "instances": [
        {
          "index_key": 0,
          "schema_version": 0,
          "attributes": {
            "arn": "arn:aws:ec2:us-east-2:000654207548:launch-template/lt-0fdaba33645a114ea",
            "block_device_mappings": [],
            "capacity_reservation_specification": [],
            "cpu_options": [],
            "credit_specification": [],
            "default_version": 1,
            "description": "",
            "disable_api_termination": false,
            "ebs_optimized": "false",
            "elastic_gpu_specifications": [],
            "elastic_inference_accelerator": [],
            "iam_instance_profile": [
              {
                "arn": "",
                "name": "sagemaker-kubeflow-test-eks-kfsgm-cluster-workers"
              }
            ],
            "id": "lt-0fdaba33645a114ea",
            "image_id": "ami-00ec371f33c240b7a",
            "instance_initiated_shutdown_behavior": "terminate",
            "instance_market_options": [],
            "instance_type": "t2.small",
            "kernel_id": "",
            "key_name": "",
            "latest_version": 1,
            "license_specification": [],
            "monitoring": [
              {
                "enabled": true
              }
            ],
            "name": "sagemaker-kubeflow-test-eks-kfsgm-cluster-20200308075858042600000006",
            "name_prefix": "sagemaker-kubeflow-test-eks-kfsgm-cluster-",
            "network_interfaces": [
              {
                "associate_public_ip_address": "true",
                "delete_on_termination": true,
                "description": "sagemaker-kubeflow-test-eks-kfsgm-cluster",
                "device_index": 0,
                "ipv4_address_count": 0,
                "ipv4_addresses": null,
                "ipv6_address_count": 0,
                "ipv6_addresses": null,
                "network_interface_id": "",
                "private_ip_address": "",
                "security_groups": [
                  "sg-0bde6fff8bfb6b701"
                ],
                "subnet_id": ""
              }
            ],
            "placement": [],
            "ram_disk_id": "",
            "security_group_names": null,
            "tag_specifications": [
              {
                "resource_type": "volume",
                "tags": {
                  "Attributes": "workers",
                  "Name": "sagemaker-kubeflow-test-eks-kfsgm-cluster-workers",
                  "Namespace": "sagemaker-kubeflow",
                  "Stage": "test",
                  "kubernetes.io/cluster/sagemaker-kubeflow-test-eks-kfsgm-cluster-cluster": "owned"
                }
              },
              {
                "resource_type": "instance",
                "tags": {
                  "Attributes": "workers",
                  "Name": "sagemaker-kubeflow-test-eks-kfsgm-cluster-workers",
                  "Namespace": "sagemaker-kubeflow",
                  "Stage": "test",
                  "kubernetes.io/cluster/sagemaker-kubeflow-test-eks-kfsgm-cluster-cluster": "owned"
                }
              }
            ],
            "tags": {
              "Attributes": "workers",
              "Name": "sagemaker-kubeflow-test-eks-kfsgm-cluster-workers",
              "Namespace": "sagemaker-kubeflow",
              "Stage": "test",
              "kubernetes.io/cluster/sagemaker-kubeflow-test-eks-kfsgm-cluster-cluster": "owned"
            },
            "user_data": "IyEvYmluL2Jhc2gKCiMgdXNlcmRhdGEgZm9yIEVLUyB3b3JrZXIgbm9kZXMgdG8gcHJvcGVybHkgY29uZmlndXJlIEt1YmVybmV0ZXMgYXBwbGljYXRpb25zIG9uIEVDMiBpbnN0YW5jZXMKIyBodHRwczovL2RvY3MuYXdzLmFtYXpvbi5jb20vZWtzL2xhdGVzdC91c2VyZ3VpZGUvbGF1bmNoLXdvcmtlcnMuaHRtbAojIGh0dHBzOi8vYXdzLmFtYXpvbi5jb20vYmxvZ3Mvb3BlbnNvdXJjZS9pbXByb3ZlbWVudHMtZWtzLXdvcmtlci1ub2RlLXByb3Zpc2lvbmluZy8KIyBodHRwczovL2dpdGh1Yi5jb20vYXdzbGFicy9hbWF6b24tZWtzLWFtaS9ibG9iL21hc3Rlci9maWxlcy9ib290c3RyYXAuc2gjTDk3CgoKCmV4cG9ydCBLVUJFTEVUX0VYVFJBX0FSR1M9CgovZXRjL2Vrcy9ib290c3RyYXAuc2ggLS1hcGlzZXJ2ZXItZW5kcG9pbnQgJ2h0dHBzOi8vQkMxMUIzNTcyNzkxMjAwQkRGQzI1ODE2NENDOEM4MDQuZ3I3LnVzLWVhc3QtMi5la3MuYW1hem9uYXdzLmNvbScgLS1iNjQtY2x1c3Rlci1jYSAnTFMwdExTMUNSVWRKVGlCRFJWSlVTVVpKUTBGVVJTMHRMUzB0Q2sxSlNVTjVSRU5EUVdKRFowRjNTVUpCWjBsQ1FVUkJUa0puYTNGb2EybEhPWGN3UWtGUmMwWkJSRUZXVFZKTmQwVlJXVVJXVVZGRVJYZHdjbVJYU213S1kyMDFiR1JIVm5wTlFqUllSRlJKZDAxRVRYZFBSRUV6VGxSWmVrMUdiMWhFVkUxM1RVUk5kMDVxUVROT1ZGbDZUVVp2ZDBaVVJWUk5Ra1ZIUVRGVlJRcEJlRTFMWVROV2FWcFlTblZhV0ZKc1kzcERRMEZUU1hkRVVWbEtTMjlhU1doMlkwNUJVVVZDUWxGQlJHZG5SVkJCUkVORFFWRnZRMmRuUlVKQlRrbzFDblEwYzA1SFZqUjNSMG92VnpOeWJtVTNSREkzV1c5RVZISm5aRFl2WldrM1dWWjNlazloZGxKdVQwTnpOMGhGUVc5SVZHOVdlVlI2Wm5kQmJuQjVVM2dLS3l0T0t6WTNiWEZtTUhaWWJtTlhkWGd6VnpKU1NGWmlMMHRxYjNScVowbFZaVmRTUzBnMFExSk5UbFZUVkZGalR5OXVja0l3ZWsxTGJXTlFja2gzTkFwaEwxcFVOSHBFUVVFeU9Fc3hMM2htYWtFeGFrSlVLMjVUU0VwWlVFNUhOVVY0U2pCMFltUnJjMnhQYTJSakt5dFVkVmxyYjFWSVkybENjR0YxWmt3ekNrWnZia2hEUjJsV1ozaE9OMk5NVUdnNGRYRkZibUV4VFZoelltNVlOWEZCTWxJMmRreFZLMEpCVkhONFMwc3llVnBpU1dsWGEySmFiWGhSWlU5TlJWb0tkVU0yYXpWTmN5dGtlbTF0ZVhwdkwwUkNSMDV2ZW5OdGJVWkhTME5xUzBGbFJsRm9hbXRwTW5vclYwOWthbUoxUVRCVE0xbEZUalYxVWxONWVIUTBkQXB4TUZwMllUUkZUa2hzTkhsclYzQndPRUU0UTBGM1JVRkJZVTFxVFVORmQwUm5XVVJXVWpCUVFWRklMMEpCVVVSQlowdHJUVUU0UjBFeFZXUkZkMFZDQ2k5M1VVWk5RVTFDUVdZNGQwUlJXVXBMYjFwSmFIWmpUa0ZSUlV4Q1VVRkVaMmRGUWtGQlVVVjJTMHh2YVhaNlYxRkRjRzVhTHpoemVEQkhiMkZJUmtrS2IwSXlTRWhYU0ZwWlZXSk9abGhxZW1FNVJHSXZTalpPVVdseWEyMVRVMjAyVTJ0Q09EQjNUVFZxZFRkWU4weDVkMlZMYjJaV1pETjRNazFESzBNeVJBcGpTMVpzVFdOelV6ZHJaREp6VVRGbE5GUndUakJ2TTJsdk5YVnZiekF3TW1oVEwzZHFXRU5tZWpGeGNrZFhSVmxYYzBReFJGTmlTbVpHTkRSQ2NrbFNDa2hxUWtaSE5uaGFhREo0ZERaclYwVm1iSFJ3U2tWRVZGVnNSVkF3ZFU5eWF6WnZaSGw2TmtoUmRFdEVSUzlGZGtGa09UZDVla3RLUW5waGQyVnpUamdLZUhWNlpGVTJWbEo0ZVU1SmVTOWhkVU55ZEVKM1ozUXdZa0ZSTHpoVmRWWkNSUzkwUmxwNWEzRnJhWEpCWkdrMFdrUjJhVGsyU2toMlFXNU5XbWt4UmdwbmRIWjVZVTR3V1RSSlZqbEpURkZUTDJWa1NGY3daVWhpZG1SUlVVczVVbTVUVUdzM1lWbElSSEJTWW5kblMyZEpaR0p1V1hvMVptcHhRVDBLTFMwdExTMUZUa1FnUTBWU1ZFbEdTVU5CVkVVdExTMHRMUW89JyAnc2FnZW1ha2VyLWt1YmVmbG93LXRlc3QtZWtzLWtmc2dtLWNsdXN0ZXItY2x1c3RlcicKCg==",
            "vpc_security_group_ids": null
          },
          "private": "bnVsbA==",
          "dependencies": [
            "module.eks_cluster.aws_cloudwatch_log_group.default",
            "module.eks_cluster.aws_eks_cluster.default",
            "module.eks_cluster.aws_iam_role.default",
            "module.eks_cluster.aws_iam_role_policy_attachment.amazon_eks_cluster_policy",
            "module.eks_cluster.aws_iam_role_policy_attachment.amazon_eks_service_policy",
            "module.eks_cluster.aws_security_group.default",
            "module.eks_workers.aws_iam_instance_profile.default",
            "module.eks_workers.aws_iam_role.default",
            "module.eks_workers.aws_security_group.default",
            "module.subnets.aws_subnet.public",
            "module.vpc.aws_vpc.default"
          ]
        }
      ]
    },
    {
      "module": "module.subnets",
      "mode": "managed",
      "type": "aws_nat_gateway",
      "name": "default",
      "each": "list",
      "provider": "provider.aws",
      "instances": []
    },
    {
      "module": "module.subnets",
      "mode": "managed",
      "type": "aws_network_acl",
      "name": "private",
      "each": "list",
      "provider": "provider.aws",
      "instances": [
        {
          "index_key": 0,
          "schema_version": 0,
          "attributes": {
            "egress": [
              {
                "action": "allow",
                "cidr_block": "0.0.0.0/0",
                "from_port": 0,
                "icmp_code": null,
                "icmp_type": null,
                "ipv6_cidr_block": "",
                "protocol": "-1",
                "rule_no": 100,
                "to_port": 0
              }
            ],
            "id": "acl-052157e32188a60af",
            "ingress": [
              {
                "action": "allow",
                "cidr_block": "0.0.0.0/0",
                "from_port": 0,
                "icmp_code": null,
                "icmp_type": null,
                "ipv6_cidr_block": "",
                "protocol": "-1",
                "rule_no": 100,
                "to_port": 0
              }
            ],
            "owner_id": "000654207548",
            "subnet_id": null,
            "subnet_ids": [
              "subnet-0060f84b700b70bd5",
              "subnet-05a724e4fddccf2f8"
            ],
            "tags": {
              "Attributes": "cluster",
              "Name": "sagemaker-kubeflow-test-eks-kfsgm-cluster-cluster",
              "Namespace": "sagemaker-kubeflow",
              "Stage": "test",
              "cpco.io/subnet/type": "private",
              "kubernetes.io/cluster/sagemaker-kubeflow-test-eks-kfsgm-cluster-cluster": "shared"
            },
            "vpc_id": "vpc-06902ce8bcc08807c"
          },
          "private": "bnVsbA==",
          "dependencies": [
            "module.subnets.aws_subnet.private",
            "module.vpc.aws_vpc.default"
          ]
        }
      ]
    },
    {
      "module": "module.subnets",
      "mode": "managed",
      "type": "aws_network_acl",
      "name": "public",
      "each": "list",
      "provider": "provider.aws",
      "instances": [
        {
          "index_key": 0,
          "schema_version": 0,
          "attributes": {
            "egress": [
              {
                "action": "allow",
                "cidr_block": "0.0.0.0/0",
                "from_port": 0,
                "icmp_code": null,
                "icmp_type": null,
                "ipv6_cidr_block": "",
                "protocol": "-1",
                "rule_no": 100,
                "to_port": 0
              }
            ],
            "id": "acl-0d0a6dbc5d4ba87d2",
            "ingress": [
              {
                "action": "allow",
                "cidr_block": "0.0.0.0/0",
                "from_port": 0,
                "icmp_code": null,
                "icmp_type": null,
                "ipv6_cidr_block": "",
                "protocol": "-1",
                "rule_no": 100,
                "to_port": 0
              }
            ],
            "owner_id": "000654207548",
            "subnet_id": null,
            "subnet_ids": [
              "subnet-06c6372f2a054ab55",
              "subnet-0c1e5921a119a946b"
            ],
            "tags": {
              "Attributes": "cluster",
              "Name": "sagemaker-kubeflow-test-eks-kfsgm-cluster-cluster",
              "Namespace": "sagemaker-kubeflow",
              "Stage": "test",
              "cpco.io/subnet/type": "public",
              "kubernetes.io/cluster/sagemaker-kubeflow-test-eks-kfsgm-cluster-cluster": "shared"
            },
            "vpc_id": "vpc-06902ce8bcc08807c"
          },
          "private": "bnVsbA==",
          "dependencies": [
            "module.subnets.aws_subnet.public",
            "module.vpc.aws_vpc.default"
          ]
        }
      ]
    },
    {
      "module": "module.subnets",
      "mode": "managed",
      "type": "aws_route",
      "name": "default",
      "each": "list",
      "provider": "provider.aws",
      "instances": []
    },
    {
      "module": "module.subnets",
      "mode": "managed",
      "type": "aws_route",
      "name": "nat_instance",
      "each": "list",
      "provider": "provider.aws",
      "instances": []
    },
    {
      "module": "module.subnets",
      "mode": "managed",
      "type": "aws_route",
      "name": "public",
      "each": "list",
      "provider": "provider.aws",
      "instances": [
        {
          "index_key": 0,
          "schema_version": 0,
          "attributes": {
            "destination_cidr_block": "0.0.0.0/0",
            "destination_ipv6_cidr_block": null,
            "destination_prefix_list_id": "",
            "egress_only_gateway_id": "",
            "gateway_id": "igw-0f2f95227a8964888",
            "id": "r-rtb-09fe7074f5fafea621080289494",
            "instance_id": "",
            "instance_owner_id": "",
            "nat_gateway_id": "",
            "network_interface_id": "",
            "origin": "CreateRoute",
            "route_table_id": "rtb-09fe7074f5fafea62",
            "state": "active",
            "timeouts": null,
            "transit_gateway_id": "",
            "vpc_peering_connection_id": ""
          },
          "private": "eyJlMmJmYjczMC1lY2FhLTExZTYtOGY4OC0zNDM2M2JjN2M0YzAiOnsiY3JlYXRlIjoxMjAwMDAwMDAwMDAsImRlbGV0ZSI6MzAwMDAwMDAwMDAwfX0=",
          "dependencies": [
            "module.subnets.aws_route_table.public",
            "module.vpc.aws_internet_gateway.default",
            "module.vpc.aws_vpc.default"
          ]
        }
      ]
    },
    {
      "module": "module.subnets",
      "mode": "managed",
      "type": "aws_route_table",
      "name": "private",
      "each": "list",
      "provider": "provider.aws",
      "instances": [
        {
          "index_key": 0,
          "schema_version": 0,
          "attributes": {
            "id": "rtb-04040095260287d46",
            "owner_id": "000654207548",
            "propagating_vgws": [],
            "route": [],
            "tags": {
              "Attributes": "cluster",
              "Name": "sagemaker-kubeflow-test-eks-kfsgm-cluster-private-us-east-2a",
              "Namespace": "sagemaker-kubeflow",
              "Stage": "test",
              "cpco.io/subnet/type": "private",
              "kubernetes.io/cluster/sagemaker-kubeflow-test-eks-kfsgm-cluster-cluster": "shared"
            },
            "vpc_id": "vpc-06902ce8bcc08807c"
          },
          "private": "bnVsbA==",
          "dependencies": [
            "module.vpc.aws_vpc.default"
          ]
        },
        {
          "index_key": 1,
          "schema_version": 0,
          "attributes": {
            "id": "rtb-0fb85aacc55e394c5",
            "owner_id": "000654207548",
            "propagating_vgws": [],
            "route": [],
            "tags": {
              "Attributes": "cluster",
              "Name": "sagemaker-kubeflow-test-eks-kfsgm-cluster-private-us-east-2b",
              "Namespace": "sagemaker-kubeflow",
              "Stage": "test",
              "cpco.io/subnet/type": "private",
              "kubernetes.io/cluster/sagemaker-kubeflow-test-eks-kfsgm-cluster-cluster": "shared"
            },
            "vpc_id": "vpc-06902ce8bcc08807c"
          },
          "private": "bnVsbA==",
          "dependencies": [
            "module.vpc.aws_vpc.default"
          ]
        }
      ]
    },
    {
      "module": "module.subnets",
      "mode": "managed",
      "type": "aws_route_table",
      "name": "public",
      "each": "list",
      "provider": "provider.aws",
      "instances": [
        {
          "index_key": 0,
          "schema_version": 0,
          "attributes": {
            "id": "rtb-09fe7074f5fafea62",
            "owner_id": "000654207548",
            "propagating_vgws": [],
            "route": [],
            "tags": {
              "Attributes": "cluster",
              "Name": "sagemaker-kubeflow-test-eks-kfsgm-cluster-cluster",
              "Namespace": "sagemaker-kubeflow",
              "Stage": "test",
              "cpco.io/subnet/type": "public",
              "kubernetes.io/cluster/sagemaker-kubeflow-test-eks-kfsgm-cluster-cluster": "shared"
            },
            "vpc_id": "vpc-06902ce8bcc08807c"
          },
          "private": "bnVsbA==",
          "dependencies": [
            "module.vpc.aws_vpc.default"
          ]
        }
      ]
    },
    {
      "module": "module.subnets",
      "mode": "managed",
      "type": "aws_route_table_association",
      "name": "private",
      "each": "list",
      "provider": "provider.aws",
      "instances": [
        {
          "index_key": 0,
          "schema_version": 0,
          "attributes": {
            "gateway_id": null,
            "id": "rtbassoc-0e50e8680d38429ca",
            "route_table_id": "rtb-04040095260287d46",
            "subnet_id": "subnet-05a724e4fddccf2f8"
          },
          "private": "bnVsbA==",
          "dependencies": [
            "module.subnets.aws_route_table.private",
            "module.subnets.aws_subnet.private",
            "module.vpc.aws_vpc.default"
          ]
        },
        {
          "index_key": 1,
          "schema_version": 0,
          "attributes": {
            "gateway_id": null,
            "id": "rtbassoc-0a612c98977590545",
            "route_table_id": "rtb-0fb85aacc55e394c5",
            "subnet_id": "subnet-0060f84b700b70bd5"
          },
          "private": "bnVsbA==",
          "dependencies": [
            "module.subnets.aws_route_table.private",
            "module.subnets.aws_subnet.private",
            "module.vpc.aws_vpc.default"
          ]
        }
      ]
    },
    {
      "module": "module.subnets",
      "mode": "managed",
      "type": "aws_route_table_association",
      "name": "public",
      "each": "list",
      "provider": "provider.aws",
      "instances": [
        {
          "index_key": 0,
          "schema_version": 0,
          "attributes": {
            "gateway_id": null,
            "id": "rtbassoc-0a0181b9eef4e96be",
            "route_table_id": "rtb-09fe7074f5fafea62",
            "subnet_id": "subnet-0c1e5921a119a946b"
          },
          "private": "bnVsbA==",
          "dependencies": [
            "module.subnets.aws_route_table.public",
            "module.subnets.aws_subnet.public",
            "module.vpc.aws_vpc.default"
          ]
        },
        {
          "index_key": 1,
          "schema_version": 0,
          "attributes": {
            "gateway_id": null,
            "id": "rtbassoc-0d8c57cc38a71c7bb",
            "route_table_id": "rtb-09fe7074f5fafea62",
            "subnet_id": "subnet-06c6372f2a054ab55"
          },
          "private": "bnVsbA==",
          "dependencies": [
            "module.subnets.aws_route_table.public",
            "module.subnets.aws_subnet.public",
            "module.vpc.aws_vpc.default"
          ]
        }
      ]
    },
    {
      "module": "module.subnets",
      "mode": "managed",
      "type": "aws_route_table_association",
      "name": "public_default",
      "each": "list",
      "provider": "provider.aws",
      "instances": []
    },
    {
      "module": "module.eks_workers",
      "mode": "managed",
      "type": "aws_security_group",
      "name": "default",
      "each": "list",
      "provider": "provider.aws",
      "instances": [
        {
          "index_key": 0,
          "schema_version": 1,
          "attributes": {
            "arn": "arn:aws:ec2:us-east-2:000654207548:security-group/sg-0bde6fff8bfb6b701",
            "description": "Security Group for EKS worker nodes",
            "egress": [],
            "id": "sg-0bde6fff8bfb6b701",
            "ingress": [],
            "name": "sagemaker-kubeflow-test-eks-kfsgm-cluster-workers",
            "name_prefix": null,
            "owner_id": "000654207548",
            "revoke_rules_on_delete": false,
            "tags": {
              "Attributes": "workers",
              "Name": "sagemaker-kubeflow-test-eks-kfsgm-cluster-workers",
              "Namespace": "sagemaker-kubeflow",
              "Stage": "test",
              "kubernetes.io/cluster/sagemaker-kubeflow-test-eks-kfsgm-cluster-cluster": "owned"
            },
            "timeouts": null,
            "vpc_id": "vpc-06902ce8bcc08807c"
          },
          "private": "eyJlMmJmYjczMC1lY2FhLTExZTYtOGY4OC0zNDM2M2JjN2M0YzAiOnsiY3JlYXRlIjo2MDAwMDAwMDAwMDAsImRlbGV0ZSI6NjAwMDAwMDAwMDAwfSwic2NoZW1hX3ZlcnNpb24iOiIxIn0=",
          "dependencies": [
            "module.vpc.aws_vpc.default"
          ]
        }
      ]
    },
    {
      "module": "module.eks_cluster",
      "mode": "managed",
      "type": "aws_security_group",
      "name": "default",
      "each": "list",
      "provider": "provider.aws",
      "instances": [
        {
          "index_key": 0,
          "schema_version": 1,
          "attributes": {
            "arn": "arn:aws:ec2:us-east-2:000654207548:security-group/sg-06af2dc76d4236aae",
            "description": "Security Group for EKS cluster",
            "egress": [],
            "id": "sg-06af2dc76d4236aae",
            "ingress": [],
            "name": "eks-kfsgm-cluster",
            "name_prefix": null,
            "owner_id": "000654207548",
            "revoke_rules_on_delete": false,
            "tags": null,
            "timeouts": null,
            "vpc_id": "vpc-06902ce8bcc08807c"
          },
          "private": "eyJlMmJmYjczMC1lY2FhLTExZTYtOGY4OC0zNDM2M2JjN2M0YzAiOnsiY3JlYXRlIjo2MDAwMDAwMDAwMDAsImRlbGV0ZSI6NjAwMDAwMDAwMDAwfSwic2NoZW1hX3ZlcnNpb24iOiIxIn0=",
          "dependencies": [
            "module.vpc.aws_vpc.default"
          ]
        }
      ]
    },
    {
      "module": "module.subnets",
      "mode": "managed",
      "type": "aws_security_group",
      "name": "nat_instance",
      "each": "list",
      "provider": "provider.aws",
      "instances": []
    },
    {
      "module": "module.eks_workers",
      "mode": "managed",
      "type": "aws_security_group_rule",
      "name": "egress",
      "each": "list",
      "provider": "provider.aws",
      "instances": [
        {
          "index_key": 0,
          "schema_version": 2,
          "attributes": {
            "cidr_blocks": [
              "0.0.0.0/0"
            ],
            "description": "Allow all egress traffic",
            "from_port": 0,
            "id": "sgrule-881400175",
            "ipv6_cidr_blocks": null,
            "prefix_list_ids": null,
            "protocol": "-1",
            "security_group_id": "sg-0bde6fff8bfb6b701",
            "self": false,
            "source_security_group_id": null,
            "to_port": 0,
            "type": "egress"
          },
          "private": "eyJzY2hlbWFfdmVyc2lvbiI6IjIifQ==",
          "dependencies": [
            "module.eks_workers.aws_security_group.default",
            "module.vpc.aws_vpc.default"
          ]
        }
      ]
    },
    {
      "module": "module.eks_cluster",
      "mode": "managed",
      "type": "aws_security_group_rule",
      "name": "egress",
      "each": "list",
      "provider": "provider.aws",
      "instances": [
        {
          "index_key": 0,
          "schema_version": 2,
          "attributes": {
            "cidr_blocks": [
              "0.0.0.0/0"
            ],
            "description": "Allow all egress traffic",
            "from_port": 0,
            "id": "sgrule-3895887087",
            "ipv6_cidr_blocks": null,
            "prefix_list_ids": null,
            "protocol": "-1",
            "security_group_id": "sg-06af2dc76d4236aae",
            "self": false,
            "source_security_group_id": null,
            "to_port": 0,
            "type": "egress"
          },
          "private": "eyJzY2hlbWFfdmVyc2lvbiI6IjIifQ==",
          "dependencies": [
            "module.eks_cluster.aws_security_group.default",
            "module.vpc.aws_vpc.default"
          ]
        }
      ]
    },
    {
      "module": "module.eks_workers",
      "mode": "managed",
      "type": "aws_security_group_rule",
      "name": "ingress_cidr_blocks",
      "each": "list",
      "provider": "provider.aws",
      "instances": []
    },
    {
      "module": "module.eks_cluster",
      "mode": "managed",
      "type": "aws_security_group_rule",
      "name": "ingress_cidr_blocks",
      "each": "list",
      "provider": "provider.aws",
      "instances": []
    },
    {
      "module": "module.eks_workers",
      "mode": "managed",
      "type": "aws_security_group_rule",
      "name": "ingress_cluster",
      "each": "list",
      "provider": "provider.aws",
      "instances": [
        {
          "index_key": 0,
          "schema_version": 2,
          "attributes": {
            "cidr_blocks": null,
            "description": "Allow worker kubelets and pods to receive communication from the cluster control plane",
            "from_port": 0,
            "id": "sgrule-3932116133",
            "ipv6_cidr_blocks": null,
            "prefix_list_ids": null,
            "protocol": "-1",
            "security_group_id": "sg-0bde6fff8bfb6b701",
            "self": false,
            "source_security_group_id": "sg-06af2dc76d4236aae",
            "to_port": 65535,
            "type": "ingress"
          },
          "private": "eyJzY2hlbWFfdmVyc2lvbiI6IjIifQ==",
          "dependencies": [
            "module.eks_cluster.aws_security_group.default",
            "module.eks_workers.aws_security_group.default",
            "module.vpc.aws_vpc.default"
          ]
        }
      ]
    },
    {
      "module": "module.eks_workers",
      "mode": "managed",
      "type": "aws_security_group_rule",
      "name": "ingress_security_groups",
      "each": "list",
      "provider": "provider.aws",
      "instances": []
    },
    {
      "module": "module.eks_cluster",
      "mode": "managed",
      "type": "aws_security_group_rule",
      "name": "ingress_security_groups",
      "each": "list",
      "provider": "provider.aws",
      "instances": []
    },
    {
      "module": "module.eks_workers",
      "mode": "managed",
      "type": "aws_security_group_rule",
      "name": "ingress_self",
      "each": "list",
      "provider": "provider.aws",
      "instances": [
        {
          "index_key": 0,
          "schema_version": 2,
          "attributes": {
            "cidr_blocks": null,
            "description": "Allow nodes to communicate with each other",
            "from_port": 0,
            "id": "sgrule-1170637802",
            "ipv6_cidr_blocks": null,
            "prefix_list_ids": null,
            "protocol": "-1",
            "security_group_id": "sg-0bde6fff8bfb6b701",
            "self": false,
            "source_security_group_id": "sg-0bde6fff8bfb6b701",
            "to_port": 65535,
            "type": "ingress"
          },
          "private": "eyJzY2hlbWFfdmVyc2lvbiI6IjIifQ==",
          "dependencies": [
            "module.eks_workers.aws_security_group.default",
            "module.vpc.aws_vpc.default"
          ]
        }
      ]
    },
    {
      "module": "module.eks_cluster",
      "mode": "managed",
      "type": "aws_security_group_rule",
      "name": "ingress_workers",
      "each": "list",
      "provider": "provider.aws",
      "instances": [
        {
          "index_key": 0,
          "schema_version": 2,
          "attributes": {
            "cidr_blocks": null,
            "description": "Allow the cluster to receive communication from the worker nodes",
            "from_port": 0,
            "id": "sgrule-2659369101",
            "ipv6_cidr_blocks": null,
            "prefix_list_ids": null,
            "protocol": "-1",
            "security_group_id": "sg-06af2dc76d4236aae",
            "self": false,
            "source_security_group_id": "sg-0bde6fff8bfb6b701",
            "to_port": 65535,
            "type": "ingress"
          },
          "private": "eyJzY2hlbWFfdmVyc2lvbiI6IjIifQ==",
          "dependencies": [
            "module.eks_cluster.aws_security_group.default",
            "module.eks_workers.aws_security_group.default",
            "module.vpc.aws_vpc.default"
          ]
        }
      ]
    },
    {
      "module": "module.subnets",
      "mode": "managed",
      "type": "aws_security_group_rule",
      "name": "nat_instance_egress",
      "each": "list",
      "provider": "provider.aws",
      "instances": []
    },
    {
      "module": "module.subnets",
      "mode": "managed",
      "type": "aws_security_group_rule",
      "name": "nat_instance_ingress",
      "each": "list",
      "provider": "provider.aws",
      "instances": []
    },
    {
      "module": "module.subnets",
      "mode": "managed",
      "type": "aws_subnet",
      "name": "private",
      "each": "list",
      "provider": "provider.aws",
      "instances": [
        {
          "index_key": 0,
          "schema_version": 1,
          "attributes": {
            "arn": "arn:aws:ec2:us-east-2:000654207548:subnet/subnet-05a724e4fddccf2f8",
            "assign_ipv6_address_on_creation": false,
            "availability_zone": "us-east-2a",
            "availability_zone_id": "use2-az1",
            "cidr_block": "172.16.0.0/19",
            "id": "subnet-05a724e4fddccf2f8",
            "ipv6_cidr_block": "",
            "ipv6_cidr_block_association_id": "",
            "map_public_ip_on_launch": false,
            "owner_id": "000654207548",
            "tags": {
              "Attributes": "cluster",
              "Name": "sagemaker-kubeflow-test-eks-kfsgm-cluster-private-us-east-2a",
              "Namespace": "sagemaker-kubeflow",
              "Stage": "test",
              "cpco.io/subnet/type": "private",
              "kubernetes.io/cluster/sagemaker-kubeflow-test-eks-kfsgm-cluster-cluster": "shared"
            },
            "timeouts": null,
            "vpc_id": "vpc-06902ce8bcc08807c"
          },
          "private": "eyJlMmJmYjczMC1lY2FhLTExZTYtOGY4OC0zNDM2M2JjN2M0YzAiOnsiY3JlYXRlIjo2MDAwMDAwMDAwMDAsImRlbGV0ZSI6MTIwMDAwMDAwMDAwMH0sInNjaGVtYV92ZXJzaW9uIjoiMSJ9",
          "dependencies": [
            "module.vpc.aws_vpc.default"
          ]
        },
        {
          "index_key": 1,
          "schema_version": 1,
          "attributes": {
            "arn": "arn:aws:ec2:us-east-2:000654207548:subnet/subnet-0060f84b700b70bd5",
            "assign_ipv6_address_on_creation": false,
            "availability_zone": "us-east-2b",
            "availability_zone_id": "use2-az2",
            "cidr_block": "172.16.32.0/19",
            "id": "subnet-0060f84b700b70bd5",
            "ipv6_cidr_block": "",
            "ipv6_cidr_block_association_id": "",
            "map_public_ip_on_launch": false,
            "owner_id": "000654207548",
            "tags": {
              "Attributes": "cluster",
              "Name": "sagemaker-kubeflow-test-eks-kfsgm-cluster-private-us-east-2b",
              "Namespace": "sagemaker-kubeflow",
              "Stage": "test",
              "cpco.io/subnet/type": "private",
              "kubernetes.io/cluster/sagemaker-kubeflow-test-eks-kfsgm-cluster-cluster": "shared"
            },
            "timeouts": null,
            "vpc_id": "vpc-06902ce8bcc08807c"
          },
          "private": "eyJlMmJmYjczMC1lY2FhLTExZTYtOGY4OC0zNDM2M2JjN2M0YzAiOnsiY3JlYXRlIjo2MDAwMDAwMDAwMDAsImRlbGV0ZSI6MTIwMDAwMDAwMDAwMH0sInNjaGVtYV92ZXJzaW9uIjoiMSJ9",
          "dependencies": [
            "module.vpc.aws_vpc.default"
          ]
        }
      ]
    },
    {
      "module": "module.subnets",
      "mode": "managed",
      "type": "aws_subnet",
      "name": "public",
      "each": "list",
      "provider": "provider.aws",
      "instances": [
        {
          "index_key": 0,
          "schema_version": 1,
          "attributes": {
            "arn": "arn:aws:ec2:us-east-2:000654207548:subnet/subnet-0c1e5921a119a946b",
            "assign_ipv6_address_on_creation": false,
            "availability_zone": "us-east-2a",
            "availability_zone_id": "use2-az1",
            "cidr_block": "172.16.96.0/19",
            "id": "subnet-0c1e5921a119a946b",
            "ipv6_cidr_block": "",
            "ipv6_cidr_block_association_id": "",
            "map_public_ip_on_launch": true,
            "owner_id": "000654207548",
            "tags": {
              "Attributes": "cluster",
              "Name": "sagemaker-kubeflow-test-eks-kfsgm-cluster-public-us-east-2a",
              "Namespace": "sagemaker-kubeflow",
              "Stage": "test",
              "cpco.io/subnet/type": "public",
              "kubernetes.io/cluster/sagemaker-kubeflow-test-eks-kfsgm-cluster-cluster": "shared"
            },
            "timeouts": null,
            "vpc_id": "vpc-06902ce8bcc08807c"
          },
          "private": "eyJlMmJmYjczMC1lY2FhLTExZTYtOGY4OC0zNDM2M2JjN2M0YzAiOnsiY3JlYXRlIjo2MDAwMDAwMDAwMDAsImRlbGV0ZSI6MTIwMDAwMDAwMDAwMH0sInNjaGVtYV92ZXJzaW9uIjoiMSJ9",
          "dependencies": [
            "module.vpc.aws_vpc.default"
          ]
        },
        {
          "index_key": 1,
          "schema_version": 1,
          "attributes": {
            "arn": "arn:aws:ec2:us-east-2:000654207548:subnet/subnet-06c6372f2a054ab55",
            "assign_ipv6_address_on_creation": false,
            "availability_zone": "us-east-2b",
            "availability_zone_id": "use2-az2",
            "cidr_block": "172.16.128.0/19",
            "id": "subnet-06c6372f2a054ab55",
            "ipv6_cidr_block": "",
            "ipv6_cidr_block_association_id": "",
            "map_public_ip_on_launch": true,
            "owner_id": "000654207548",
            "tags": {
              "Attributes": "cluster",
              "Name": "sagemaker-kubeflow-test-eks-kfsgm-cluster-public-us-east-2b",
              "Namespace": "sagemaker-kubeflow",
              "Stage": "test",
              "cpco.io/subnet/type": "public",
              "kubernetes.io/cluster/sagemaker-kubeflow-test-eks-kfsgm-cluster-cluster": "shared"
            },
            "timeouts": null,
            "vpc_id": "vpc-06902ce8bcc08807c"
          },
          "private": "eyJlMmJmYjczMC1lY2FhLTExZTYtOGY4OC0zNDM2M2JjN2M0YzAiOnsiY3JlYXRlIjo2MDAwMDAwMDAwMDAsImRlbGV0ZSI6MTIwMDAwMDAwMDAwMH0sInNjaGVtYV92ZXJzaW9uIjoiMSJ9",
          "dependencies": [
            "module.vpc.aws_vpc.default"
          ]
        }
      ]
    },
    {
      "module": "module.vpc",
      "mode": "managed",
      "type": "aws_vpc",
      "name": "default",
      "provider": "provider.aws",
      "instances": [
        {
          "schema_version": 1,
          "attributes": {
            "arn": "arn:aws:ec2:us-east-2:000654207548:vpc/vpc-06902ce8bcc08807c",
            "assign_generated_ipv6_cidr_block": true,
            "cidr_block": "172.16.0.0/16",
            "default_network_acl_id": "acl-0fe68e07faa97bb46",
            "default_route_table_id": "rtb-0369e2719025375a5",
            "default_security_group_id": "sg-0144b096ca9b2da2f",
            "dhcp_options_id": "dopt-c12ffba8",
            "enable_classiclink": false,
            "enable_classiclink_dns_support": false,
            "enable_dns_hostnames": true,
            "enable_dns_support": true,
            "id": "vpc-06902ce8bcc08807c",
            "instance_tenancy": "default",
            "ipv6_association_id": "vpc-cidr-assoc-0caf33d2d14ad4b46",
            "ipv6_cidr_block": "2600:1f16:350:1d00::/56",
            "main_route_table_id": "rtb-0369e2719025375a5",
            "owner_id": "000654207548",
            "tags": {
              "Attributes": "cluster",
              "Name": "sagemaker-kubeflow-test-eks-kfsgm-cluster-cluster",
              "Namespace": "sagemaker-kubeflow",
              "Stage": "test",
              "kubernetes.io/cluster/sagemaker-kubeflow-test-eks-kfsgm-cluster-cluster": "shared"
            }
          },
          "private": "eyJzY2hlbWFfdmVyc2lvbiI6IjEifQ=="
        }
      ]
    },
    {
      "module": "module.eks_cluster",
      "mode": "managed",
      "type": "local_file",
      "name": "configmap_auth",
      "each": "list",
      "provider": "provider.local",
      "instances": [
        {
          "index_key": 0,
          "schema_version": 0,
          "attributes": {
            "content": "apiVersion: v1\nkind: ConfigMap\nmetadata:\n  name: aws-auth\n  namespace: kube-system\ndata:\n  mapRoles: |\n    - \"groups\":\n      - \"system:bootstrappers\"\n      - \"system:nodes\"\n      \"rolearn\": \"arn:aws:iam::000654207548:role/sagemaker-kubeflow-test-eks-kfsgm-cluster-workers\"\n      \"username\": \"system:node:{{EC2PrivateDNSName}}\"\n\n\n",
            "content_base64": null,
            "directory_permission": "0777",
            "file_permission": "0777",
            "filename": "../modules/eks-cluster/configmap-auth.yaml",
            "id": "ff8ffc2e5b78d3222e280dfee76538979ff8b161",
            "sensitive_content": null
          },
          "private": "bnVsbA==",
          "dependencies": [
            "module.eks_workers.aws_iam_role.default"
          ]
        }
      ]
    },
    {
      "module": "module.eks_cluster",
      "mode": "managed",
      "type": "null_resource",
      "name": "apply_configmap_auth",
      "each": "list",
      "provider": "provider.null",
      "instances": [
        {
          "index_key": 0,
          "schema_version": 0,
          "attributes": {
            "id": "4167802106039510895",
            "triggers": {
              "additional_aws_accounts_updated": "[]",
              "additional_roles_updated": "[]",
              "additional_users_updated": "[]",
              "cluster_updated": "eks-kfsgm-cluster",
              "configmap_auth_file_content_changed": "apiVersion: v1\nkind: ConfigMap\nmetadata:\n  name: aws-auth\n  namespace: kube-system\ndata:\n  mapRoles: |\n    - \"groups\":\n      - \"system:bootstrappers\"\n      - \"system:nodes\"\n      \"rolearn\": \"arn:aws:iam::000654207548:role/sagemaker-kubeflow-test-eks-kfsgm-cluster-workers\"\n      \"username\": \"system:node:{{EC2PrivateDNSName}}\"\n\n\n",
              "configmap_auth_file_id_changed": "ff8ffc2e5b78d3222e280dfee76538979ff8b161",
              "worker_roles_updated": "- \"groups\":\n  - \"system:bootstrappers\"\n  - \"system:nodes\"\n  \"rolearn\": \"arn:aws:iam::000654207548:role/sagemaker-kubeflow-test-eks-kfsgm-cluster-workers\"\n  \"username\": \"system:node:{{EC2PrivateDNSName}}\""
            }
          },
          "private": "bnVsbA==",
          "dependencies": [
            "module.eks_cluster.aws_cloudwatch_log_group.default",
            "module.eks_cluster.aws_eks_cluster.default",
            "module.eks_cluster.aws_iam_role.default",
            "module.eks_cluster.aws_iam_role_policy_attachment.amazon_eks_cluster_policy",
            "module.eks_cluster.aws_iam_role_policy_attachment.amazon_eks_service_policy",
            "module.eks_cluster.aws_security_group.default",
            "module.eks_cluster.local_file.configmap_auth",
            "module.eks_workers.aws_iam_role.default",
            "module.subnets.aws_subnet.public",
            "module.vpc.aws_vpc.default"
          ]
        }
      ]
    }
  ]
}
